// !$*UTF8*$!
{
	archiveVersion = 1;
	classes = {
	};
	objectVersion = 56;
	objects = {

/* Begin PBXBuildFile section */
		4D3DBB88292E67E600DE8160 /* EditNicknameView.swift in Sources */ = {isa = PBXBuildFile; fileRef = 4D3DBB87292E67E500DE8160 /* EditNicknameView.swift */; };
		4D3DBB962934E31A00DE8160 /* ShowProfileView.swift in Sources */ = {isa = PBXBuildFile; fileRef = 4D3DBB952934E31A00DE8160 /* ShowProfileView.swift */; };
		4D402E7B2979342800D9A825 /* RecentRegisteredView.swift in Sources */ = {isa = PBXBuildFile; fileRef = 4D402E7A2979342800D9A825 /* RecentRegisteredView.swift */; };
		4D61A767291E1EE8000EF531 /* NavigationViewModel.swift in Sources */ = {isa = PBXBuildFile; fileRef = 4D61A766291E1EE8000EF531 /* NavigationViewModel.swift */; };
		4D778A34290A53BA00C15AC4 /* Application+Extension.swift in Sources */ = {isa = PBXBuildFile; fileRef = 4D778A33290A53BA00C15AC4 /* Application+Extension.swift */; };
		4DAD635E292AB61700ABF8C1 /* UpdateShortcutView.swift in Sources */ = {isa = PBXBuildFile; fileRef = 4DAD635D292AB61700ABF8C1 /* UpdateShortcutView.swift */; };
		4DAD6370292BCB1000ABF8C1 /* CategoryCardView.swift in Sources */ = {isa = PBXBuildFile; fileRef = 4DAD636F292BCB1000ABF8C1 /* CategoryCardView.swift */; };
		87276C382933F6AB00C92F4C /* CustomTextEditor.swift in Sources */ = {isa = PBXBuildFile; fileRef = 87276C372933F6AB00C92F4C /* CustomTextEditor.swift */; };
		872A7D8F2918393B004A05B8 /* PrivacyPolicyView.swift in Sources */ = {isa = PBXBuildFile; fileRef = 872A7D8E2918393B004A05B8 /* PrivacyPolicyView.swift */; };
		8788374A2920D549009B3F54 /* Binding+Extension.swift in Sources */ = {isa = PBXBuildFile; fileRef = 878837492920D549009B3F54 /* Binding+Extension.swift */; };
		8792478D2918CE450040D5C3 /* UINavigationContoller+Extension.swift in Sources */ = {isa = PBXBuildFile; fileRef = 8792478C2918CE450040D5C3 /* UINavigationContoller+Extension.swift */; };
		8792479B291BDF820040D5C3 /* SearchView.swift in Sources */ = {isa = PBXBuildFile; fileRef = 8792479A291BDF820040D5C3 /* SearchView.swift */; };
		8795A16E292AB841004B765F /* View+Extension.swift in Sources */ = {isa = PBXBuildFile; fileRef = 8795A16D292AB841004B765F /* View+Extension.swift */; };
		8795A170292AB945004B765F /* UIScreen+Extension.swift in Sources */ = {isa = PBXBuildFile; fileRef = 8795A16F292AB945004B765F /* UIScreen+Extension.swift */; };
		8795A172292ABFDE004B765F /* ReadShortcutVersionView.swift in Sources */ = {isa = PBXBuildFile; fileRef = 8795A171292ABFDE004B765F /* ReadShortcutVersionView.swift */; };
		8795A174292ACA50004B765F /* ReadShortcutCommentView.swift in Sources */ = {isa = PBXBuildFile; fileRef = 8795A173292ACA50004B765F /* ReadShortcutCommentView.swift */; };
		87CFD8492939187200F97B86 /* NicknameTextField.swift in Sources */ = {isa = PBXBuildFile; fileRef = 87CFD8482939187200F97B86 /* NicknameTextField.swift */; };
		87E606B0291062F900C3DA13 /* AppleAuthCoordinator.swift in Sources */ = {isa = PBXBuildFile; fileRef = 87E606AF291062F900C3DA13 /* AppleAuthCoordinator.swift */; };
		87E606B22910649B00C3DA13 /* SignInWithAppleView.swift in Sources */ = {isa = PBXBuildFile; fileRef = 87E606B12910649B00C3DA13 /* SignInWithAppleView.swift */; };
		87E606B629114F7D00C3DA13 /* WriteNicknameView.swift in Sources */ = {isa = PBXBuildFile; fileRef = 87E606B529114F7D00C3DA13 /* WriteNicknameView.swift */; };
		87E606B829114FB200C3DA13 /* UserAuth.swift in Sources */ = {isa = PBXBuildFile; fileRef = 87E606B729114FB200C3DA13 /* UserAuth.swift */; };
		87E99C6E28F94EA6009B691F /* HappyAndingApp.swift in Sources */ = {isa = PBXBuildFile; fileRef = 87E99C6D28F94EA6009B691F /* HappyAndingApp.swift */; };
		87E99C7028F94EA6009B691F /* ShortcutTabView.swift in Sources */ = {isa = PBXBuildFile; fileRef = 87E99C6F28F94EA6009B691F /* ShortcutTabView.swift */; };
		87E99C7528F94EA8009B691F /* Preview Assets.xcassets in Resources */ = {isa = PBXBuildFile; fileRef = 87E99C7428F94EA8009B691F /* Preview Assets.xcassets */; };
		87E99C7F28F94EA8009B691F /* HappyAndingTests.swift in Sources */ = {isa = PBXBuildFile; fileRef = 87E99C7E28F94EA8009B691F /* HappyAndingTests.swift */; };
		87E99C8928F94EA8009B691F /* HappyAndingUITests.swift in Sources */ = {isa = PBXBuildFile; fileRef = 87E99C8828F94EA8009B691F /* HappyAndingUITests.swift */; };
		87E99C8B28F94EA8009B691F /* HappyAndingUITestsLaunchTests.swift in Sources */ = {isa = PBXBuildFile; fileRef = 87E99C8A28F94EA8009B691F /* HappyAndingUITestsLaunchTests.swift */; };
		87E99C9F28FFF21B009B691F /* SettingView.swift in Sources */ = {isa = PBXBuildFile; fileRef = 87E99C9E28FFF21B009B691F /* SettingView.swift */; };
		87E99CA128FFF225009B691F /* MyPageView.swift in Sources */ = {isa = PBXBuildFile; fileRef = 87E99CA028FFF225009B691F /* MyPageView.swift */; };
		87E99CA328FFF22E009B691F /* ExploreCurationView.swift in Sources */ = {isa = PBXBuildFile; fileRef = 87E99CA228FFF22E009B691F /* ExploreCurationView.swift */; };
		87E99CA728FFF23E009B691F /* ListCurationView.swift in Sources */ = {isa = PBXBuildFile; fileRef = 87E99CA628FFF23E009B691F /* ListCurationView.swift */; };
		87E99CA928FFF24F009B691F /* ExploreShortcutView.swift in Sources */ = {isa = PBXBuildFile; fileRef = 87E99CA828FFF24F009B691F /* ExploreShortcutView.swift */; };
		87E99CAD28FFF261009B691F /* ReadShortcutView.swift in Sources */ = {isa = PBXBuildFile; fileRef = 87E99CAC28FFF261009B691F /* ReadShortcutView.swift */; };
		87E99CB128FFF273009B691F /* WriteCurationSetView.swift in Sources */ = {isa = PBXBuildFile; fileRef = 87E99CB028FFF273009B691F /* WriteCurationSetView.swift */; };
		87E99CB528FFF282009B691F /* WriteCurationInfoView.swift in Sources */ = {isa = PBXBuildFile; fileRef = 87E99CB428FFF282009B691F /* WriteCurationInfoView.swift */; };
		87E99CB928FFF291009B691F /* WriteShortcutView.swift in Sources */ = {isa = PBXBuildFile; fileRef = 87E99CB828FFF291009B691F /* WriteShortcutView.swift */; };
		87E99CBB28FFF298009B691F /* IconModalView.swift in Sources */ = {isa = PBXBuildFile; fileRef = 87E99CBA28FFF298009B691F /* IconModalView.swift */; };
		87E99CC128FFF2B5009B691F /* CategoryModalView.swift in Sources */ = {isa = PBXBuildFile; fileRef = 87E99CC028FFF2B5009B691F /* CategoryModalView.swift */; };
		87E99CC429014572009B691F /* Color+Extension.swift in Sources */ = {isa = PBXBuildFile; fileRef = 87E99CC329014572009B691F /* Color+Extension.swift */; };
		87E99CC7290145AD009B691F /* ShortcutCell.swift in Sources */ = {isa = PBXBuildFile; fileRef = 87E99CC6290145AD009B691F /* ShortcutCell.swift */; };
		87E99CC9290145B8009B691F /* ListShortcutView.swift in Sources */ = {isa = PBXBuildFile; fileRef = 87E99CC8290145B8009B691F /* ListShortcutView.swift */; };
		87E99CCB290145C4009B691F /* UserCurationCell.swift in Sources */ = {isa = PBXBuildFile; fileRef = 87E99CCA290145C4009B691F /* UserCurationCell.swift */; };
		87E99CCD290145CC009B691F /* AdminCurationCell.swift in Sources */ = {isa = PBXBuildFile; fileRef = 87E99CCC290145CC009B691F /* AdminCurationCell.swift */; };
		87E99CD32901465F009B691F /* ValidationCheckTextField.swift in Sources */ = {isa = PBXBuildFile; fileRef = 87E99CD22901465F009B691F /* ValidationCheckTextField.swift */; };
		87E99CD929042536009B691F /* SectionType.swift in Sources */ = {isa = PBXBuildFile; fileRef = 87E99CD829042536009B691F /* SectionType.swift */; };
		87E99CDB29042CCA009B691F /* Category.swift in Sources */ = {isa = PBXBuildFile; fileRef = 87E99CDA29042CCA009B691F /* Category.swift */; };
		87E99CE82907C6E6009B691F /* Shortcuts.swift in Sources */ = {isa = PBXBuildFile; fileRef = 87E99CE72907C6E6009B691F /* Shortcuts.swift */; };
		87E99CEC29080C30009B691F /* Curation.swift in Sources */ = {isa = PBXBuildFile; fileRef = 87E99CEB29080C30009B691F /* Curation.swift */; };
		87E99CEE29080D33009B691F /* User.swift in Sources */ = {isa = PBXBuildFile; fileRef = 87E99CED29080D33009B691F /* User.swift */; };
		A04ACB0129027BDE004A85A6 /* TabRouter.swift in Sources */ = {isa = PBXBuildFile; fileRef = A04ACB0029027BDE004A85A6 /* TabRouter.swift */; };
		A04ACB062903D0B2004A85A6 /* MyShortcutCardView.swift in Sources */ = {isa = PBXBuildFile; fileRef = A04ACB052903D0B2004A85A6 /* MyShortcutCardView.swift */; };
		A04ACB082903DECC004A85A6 /* MyShortcutCardListView.swift in Sources */ = {isa = PBXBuildFile; fileRef = A04ACB072903DECC004A85A6 /* MyShortcutCardListView.swift */; };
		A04ACB0A29041CD8004A85A6 /* DownloadRankView.swift in Sources */ = {isa = PBXBuildFile; fileRef = A04ACB0929041CD8004A85A6 /* DownloadRankView.swift */; };
		A04ACB0C29041CEE004A85A6 /* LovedShortcutView.swift in Sources */ = {isa = PBXBuildFile; fileRef = A04ACB0B29041CEE004A85A6 /* LovedShortcutView.swift */; };
		A04ACB0E29041D61004A85A6 /* CategoryView.swift in Sources */ = {isa = PBXBuildFile; fileRef = A04ACB0D29041D61004A85A6 /* CategoryView.swift */; };
		A04ACB32290686AA004A85A6 /* ReadShortcutHeaderView.swift in Sources */ = {isa = PBXBuildFile; fileRef = A04ACB31290686AA004A85A6 /* ReadShortcutHeaderView.swift */; };
		A04ACB34290686C7004A85A6 /* ReadShortcutContentView.swift in Sources */ = {isa = PBXBuildFile; fileRef = A04ACB33290686C7004A85A6 /* ReadShortcutContentView.swift */; };
		A09CBA7E2922B36C00D31F5F /* String+Extension.swift in Sources */ = {isa = PBXBuildFile; fileRef = A09CBA7D2922B36C00D31F5F /* String+Extension.swift */; };
		A0DD085729276608008177BB /* URL+Extension.swift in Sources */ = {isa = PBXBuildFile; fileRef = A0DD085629276608008177BB /* URL+Extension.swift */; };
		A0F822AC2910B8F100AF4448 /* ShortcutsZipViewModel.swift in Sources */ = {isa = PBXBuildFile; fileRef = A0F822AB2910B8F100AF4448 /* ShortcutsZipViewModel.swift */; };
		A0F822B729164D2300AF4448 /* ShortcutsCategoryListView.swift in Sources */ = {isa = PBXBuildFile; fileRef = A0F822B629164D2300AF4448 /* ShortcutsCategoryListView.swift */; };
		A31F1844292A637300AF4A82 /* Date+Extension.swift in Sources */ = {isa = PBXBuildFile; fileRef = F9CAEF822914855900224B0A /* Date+Extension.swift */; };
		A31F1846292A638700AF4A82 /* (null) in Sources */ = {isa = PBXBuildFile; };
		A31F1848292A64D700AF4A82 /* Assets.xcassets in Resources */ = {isa = PBXBuildFile; fileRef = 87E99C7128F94EA8009B691F /* Assets.xcassets */; };
		A3275C7A292E6FCB00CD5B12 /* String+Extension.swift in Sources */ = {isa = PBXBuildFile; fileRef = A09CBA7D2922B36C00D31F5F /* String+Extension.swift */; };
		A33F74AE2908D8C800B8D0D0 /* CheckBoxShortcutCell.swift in Sources */ = {isa = PBXBuildFile; fileRef = A33F74AD2908D8C800B8D0D0 /* CheckBoxShortcutCell.swift */; };
		A3439AF529395A100043E273 /* UserAuth.swift in Sources */ = {isa = PBXBuildFile; fileRef = 87E606B729114FB200C3DA13 /* UserAuth.swift */; };
		A3439AF629395A3A0043E273 /* CustomTextEditor.swift in Sources */ = {isa = PBXBuildFile; fileRef = 87276C372933F6AB00C92F4C /* CustomTextEditor.swift */; };
		A3439AFB2939B0E80043E273 /* UserDefaults+Extension.swift in Sources */ = {isa = PBXBuildFile; fileRef = A3439AFA2939B0E80043E273 /* UserDefaults+Extension.swift */; };
		A3439AFC2939B0E80043E273 /* UserDefaults+Extension.swift in Sources */ = {isa = PBXBuildFile; fileRef = A3439AFA2939B0E80043E273 /* UserDefaults+Extension.swift */; };
		A3439B05293B48C20043E273 /* GoogleService-Info.plist in Resources */ = {isa = PBXBuildFile; fileRef = A3439B04293B48C20043E273 /* GoogleService-Info.plist */; };
		A3439B06293B493F0043E273 /* GoogleService-Info.plist in Resources */ = {isa = PBXBuildFile; fileRef = A3439B04293B48C20043E273 /* GoogleService-Info.plist */; };
		A35DB3372927E8EB0011A28B /* CustomShareViewController.swift in Sources */ = {isa = PBXBuildFile; fileRef = A35DB3362927E8EB0011A28B /* CustomShareViewController.swift */; };
		A35DB3392927E9630011A28B /* CustomShareNavigationController.swift in Sources */ = {isa = PBXBuildFile; fileRef = A35DB3382927E9630011A28B /* CustomShareNavigationController.swift */; };
		A3766B232904330300708F83 /* ReadUserCurationView.swift in Sources */ = {isa = PBXBuildFile; fileRef = A3766B222904330300708F83 /* ReadUserCurationView.swift */; };
		A38115BA292B447D0043E8B8 /* ShortcutCardCell.swift in Sources */ = {isa = PBXBuildFile; fileRef = A38115B9292B447D0043E8B8 /* ShortcutCardCell.swift */; };
		A3A6AD1E292763E2004C49DC /* ShareExtension.appex in Embed Foundation Extensions */ = {isa = PBXBuildFile; fileRef = A3A6AD14292763E2004C49DC /* ShareExtension.appex */; settings = {ATTRIBUTES = (RemoveHeadersOnCopy, ); }; };
		A3B2636A2909DFD200829DE1 /* CurationListView.swift in Sources */ = {isa = PBXBuildFile; fileRef = A3B263692909DFD200829DE1 /* CurationListView.swift */; };
		A3C5576C292BE084003907DC /* ShareExtensionWriteShortcutTitleView.swift in Sources */ = {isa = PBXBuildFile; fileRef = A3C5576B292BE084003907DC /* ShareExtensionWriteShortcutTitleView.swift */; };
		A3FC4747292A61550058BF26 /* FirebaseAnalytics in Frameworks */ = {isa = PBXBuildFile; productRef = A3FC4746292A61550058BF26 /* FirebaseAnalytics */; };
		A3FC4749292A61550058BF26 /* FirebaseAuth in Frameworks */ = {isa = PBXBuildFile; productRef = A3FC4748292A61550058BF26 /* FirebaseAuth */; };
		A3FC474B292A61550058BF26 /* FirebaseDatabase in Frameworks */ = {isa = PBXBuildFile; productRef = A3FC474A292A61550058BF26 /* FirebaseDatabase */; };
		A3FC474D292A61550058BF26 /* FirebaseFirestoreCombine-Community in Frameworks */ = {isa = PBXBuildFile; productRef = A3FC474C292A61550058BF26 /* FirebaseFirestoreCombine-Community */; };
		A3FC474E292A616A0058BF26 /* Color+Extension.swift in Sources */ = {isa = PBXBuildFile; fileRef = 87E99CC329014572009B691F /* Color+Extension.swift */; };
		A3FC474F292A616D0058BF26 /* Font+Extension.swift in Sources */ = {isa = PBXBuildFile; fileRef = F99569172901DC4D0060AAEF /* Font+Extension.swift */; };
		A3FC4753292A61AE0058BF26 /* IconModalView.swift in Sources */ = {isa = PBXBuildFile; fileRef = 87E99CBA28FFF298009B691F /* IconModalView.swift */; };
		A3FC4756292A61B60058BF26 /* CategoryModalView.swift in Sources */ = {isa = PBXBuildFile; fileRef = 87E99CC028FFF2B5009B691F /* CategoryModalView.swift */; };
		A3FC4758292A61C50058BF26 /* Shortcuts.swift in Sources */ = {isa = PBXBuildFile; fileRef = 87E99CE72907C6E6009B691F /* Shortcuts.swift */; };
		A3FC475A292A61CC0058BF26 /* Keyword.swift in Sources */ = {isa = PBXBuildFile; fileRef = F9131B6A2922D38D00868A0E /* Keyword.swift */; };
		A3FC475B292A61CE0058BF26 /* Category.swift in Sources */ = {isa = PBXBuildFile; fileRef = 87E99CDA29042CCA009B691F /* Category.swift */; };
		A3FF0183291648A300384211 /* MailView.swift in Sources */ = {isa = PBXBuildFile; fileRef = A3FF0182291648A300384211 /* MailView.swift */; };
		A3FF01862918552E00384211 /* AboutTeamView.swift in Sources */ = {isa = PBXBuildFile; fileRef = A3FF01852918552E00384211 /* AboutTeamView.swift */; };
		A3FF01882918581E00384211 /* LicenseView.swift in Sources */ = {isa = PBXBuildFile; fileRef = A3FF01872918581E00384211 /* LicenseView.swift */; };
		A3FF018A2918F8EF00384211 /* apache.txt in Resources */ = {isa = PBXBuildFile; fileRef = A3FF01892918F8EF00384211 /* apache.txt */; };
		A3FF018E291ACFA500384211 /* WithdrawalView.swift in Sources */ = {isa = PBXBuildFile; fileRef = A3FF018D291ACFA500384211 /* WithdrawalView.swift */; };
		A3FF4F832979C09000FA9EEE /* LineBreaking+Extension.swift in Sources */ = {isa = PBXBuildFile; fileRef = A3FF4F822979C09000FA9EEE /* LineBreaking+Extension.swift */; };
		F90DEA4F29327E4D002140E2 /* NavigationStackModel.swift in Sources */ = {isa = PBXBuildFile; fileRef = 8764C0D6291F85DF00E1593B /* NavigationStackModel.swift */; };
		F90DEA5029327E5D002140E2 /* Assets.xcassets in Resources */ = {isa = PBXBuildFile; fileRef = 87E99C7128F94EA8009B691F /* Assets.xcassets */; };
		F90DEA5129327E62002140E2 /* Launch Screen.storyboard in Resources */ = {isa = PBXBuildFile; fileRef = 3D41EE07290A4C18008BE986 /* Launch Screen.storyboard */; };
		F9131B6B2922D38D00868A0E /* Keyword.swift in Sources */ = {isa = PBXBuildFile; fileRef = F9131B6A2922D38D00868A0E /* Keyword.swift */; };
		F9136EB6293612310034AAB2 /* ShortcutsZipView.swift in Sources */ = {isa = PBXBuildFile; fileRef = F9136EB5293612310034AAB2 /* ShortcutsZipView.swift */; };
		F94B432E2907088400987819 /* UserCurationListView.swift in Sources */ = {isa = PBXBuildFile; fileRef = F94B432D2907088400987819 /* UserCurationListView.swift */; };
		F94B435D2907B19A00987819 /* FirebaseAnalytics in Frameworks */ = {isa = PBXBuildFile; productRef = F94B435C2907B19A00987819 /* FirebaseAnalytics */; };
		F94B435F2907B19A00987819 /* FirebaseAuth in Frameworks */ = {isa = PBXBuildFile; productRef = F94B435E2907B19A00987819 /* FirebaseAuth */; };
		F94B43612907B19A00987819 /* FirebaseFirestore in Frameworks */ = {isa = PBXBuildFile; productRef = F94B43602907B19A00987819 /* FirebaseFirestore */; };
		F94B43632907B19A00987819 /* FirebaseFirestoreCombine-Community in Frameworks */ = {isa = PBXBuildFile; productRef = F94B43622907B19A00987819 /* FirebaseFirestoreCombine-Community */; };
		F96D45B72980301F000C2441 /* SubtitleTextView.swift in Sources */ = {isa = PBXBuildFile; fileRef = F96D45B62980301F000C2441 /* SubtitleTextView.swift */; };
		F96D45BB29804057000C2441 /* Alert+Extension.swift in Sources */ = {isa = PBXBuildFile; fileRef = F96D45BA29804057000C2441 /* Alert+Extension.swift */; };
		F96D45BD29816578000C2441 /* StickyHeader.swift in Sources */ = {isa = PBXBuildFile; fileRef = F96D45BC29816578000C2441 /* StickyHeader.swift */; };
		F9724BBF292755E400860F8A /* Comment.swift in Sources */ = {isa = PBXBuildFile; fileRef = F9724BBE292755E400860F8A /* Comment.swift */; };
		F976E82C29368E0D0088BBA1 /* Version.swift in Sources */ = {isa = PBXBuildFile; fileRef = F976E82B29368E0D0088BBA1 /* Version.swift */; };
		F976E85129395B350088BBA1 /* ShareExtensionViewModel.swift in Sources */ = {isa = PBXBuildFile; fileRef = F976E85029395B350088BBA1 /* ShareExtensionViewModel.swift */; };
		F99569182901DC4D0060AAEF /* Font+Extension.swift in Sources */ = {isa = PBXBuildFile; fileRef = F99569172901DC4D0060AAEF /* Font+Extension.swift */; };
		F9AC2BB62935201C00165820 /* CheckUpdateVersion.swift in Sources */ = {isa = PBXBuildFile; fileRef = F9AC2BB52935201C00165820 /* CheckUpdateVersion.swift */; };
		F9AC2BBA2935D34C00165820 /* Image+Extension.swift in Sources */ = {isa = PBXBuildFile; fileRef = F9AC2BB92935D34C00165820 /* Image+Extension.swift */; };
		F9CAEF832914855900224B0A /* Date+Extension.swift in Sources */ = {isa = PBXBuildFile; fileRef = F9CAEF822914855900224B0A /* Date+Extension.swift */; };
		F9CAEF8429148CDD00224B0A /* ReadAdminCurationView.swift in Sources */ = {isa = PBXBuildFile; fileRef = 87E99CA428FFF238009B691F /* ReadAdminCurationView.swift */; };
		F9DB8EB92939853D00516CE1 /* ShareExtensionValidationTextField.swift in Sources */ = {isa = PBXBuildFile; fileRef = F9DB8EB82939853D00516CE1 /* ShareExtensionValidationTextField.swift */; };
		F9DB8EBB293986E100516CE1 /* ShareExtensionViewModel.swift in Sources */ = {isa = PBXBuildFile; fileRef = F976E85029395B350088BBA1 /* ShareExtensionViewModel.swift */; };
		F9DB8EBD293987BD00516CE1 /* ShareExtensionCustomTextEditor.swift in Sources */ = {isa = PBXBuildFile; fileRef = F9DB8EBC293987BD00516CE1 /* ShareExtensionCustomTextEditor.swift */; };
		F9DB8ED3293B4C3200516CE1 /* ShareExtensionTagTextField.swift in Sources */ = {isa = PBXBuildFile; fileRef = F9DB8ED2293B4C3200516CE1 /* ShareExtensionTagTextField.swift */; };
		F9F4D36A2906E0B000DC8546 /* Navigationbar+Extension.swift in Sources */ = {isa = PBXBuildFile; fileRef = F9F4D3692906E0B000DC8546 /* Navigationbar+Extension.swift */; };
/* End PBXBuildFile section */

/* Begin PBXContainerItemProxy section */
		87E99C7B28F94EA8009B691F /* PBXContainerItemProxy */ = {
			isa = PBXContainerItemProxy;
			containerPortal = 87E99C6228F94EA6009B691F /* Project object */;
			proxyType = 1;
			remoteGlobalIDString = 87E99C6928F94EA6009B691F;
			remoteInfo = HappyAnding;
		};
		87E99C8528F94EA8009B691F /* PBXContainerItemProxy */ = {
			isa = PBXContainerItemProxy;
			containerPortal = 87E99C6228F94EA6009B691F /* Project object */;
			proxyType = 1;
			remoteGlobalIDString = 87E99C6928F94EA6009B691F;
			remoteInfo = HappyAnding;
		};
		A3A6AD1C292763E2004C49DC /* PBXContainerItemProxy */ = {
			isa = PBXContainerItemProxy;
			containerPortal = 87E99C6228F94EA6009B691F /* Project object */;
			proxyType = 1;
			remoteGlobalIDString = A3A6AD13292763E2004C49DC;
			remoteInfo = ShareExtension;
		};
/* End PBXContainerItemProxy section */

/* Begin PBXCopyFilesBuildPhase section */
		A3A6AD22292763E2004C49DC /* Embed Foundation Extensions */ = {
			isa = PBXCopyFilesBuildPhase;
			buildActionMask = 2147483647;
			dstPath = "";
			dstSubfolderSpec = 13;
			files = (
				A3A6AD1E292763E2004C49DC /* ShareExtension.appex in Embed Foundation Extensions */,
			);
			name = "Embed Foundation Extensions";
			runOnlyForDeploymentPostprocessing = 0;
		};
/* End PBXCopyFilesBuildPhase section */

/* Begin PBXFileReference section */
		3D41EE06290A458B008BE986 /* Info.plist */ = {isa = PBXFileReference; lastKnownFileType = text.plist; path = Info.plist; sourceTree = "<group>"; };
		3D41EE07290A4C18008BE986 /* Launch Screen.storyboard */ = {isa = PBXFileReference; lastKnownFileType = file.storyboard; path = "Launch Screen.storyboard"; sourceTree = "<group>"; };
		4D3DBB87292E67E500DE8160 /* EditNicknameView.swift */ = {isa = PBXFileReference; fileEncoding = 4; lastKnownFileType = sourcecode.swift; path = EditNicknameView.swift; sourceTree = "<group>"; };
		4D3DBB952934E31A00DE8160 /* ShowProfileView.swift */ = {isa = PBXFileReference; lastKnownFileType = sourcecode.swift; path = ShowProfileView.swift; sourceTree = "<group>"; };
		4D402E7A2979342800D9A825 /* RecentRegisteredView.swift */ = {isa = PBXFileReference; lastKnownFileType = sourcecode.swift; path = RecentRegisteredView.swift; sourceTree = "<group>"; };
		4D61A766291E1EE8000EF531 /* NavigationViewModel.swift */ = {isa = PBXFileReference; lastKnownFileType = sourcecode.swift; path = NavigationViewModel.swift; sourceTree = "<group>"; };
		4D778A33290A53BA00C15AC4 /* Application+Extension.swift */ = {isa = PBXFileReference; lastKnownFileType = sourcecode.swift; path = "Application+Extension.swift"; sourceTree = "<group>"; };
		4DAD635D292AB61700ABF8C1 /* UpdateShortcutView.swift */ = {isa = PBXFileReference; lastKnownFileType = sourcecode.swift; path = UpdateShortcutView.swift; sourceTree = "<group>"; };
		4DAD636F292BCB1000ABF8C1 /* CategoryCardView.swift */ = {isa = PBXFileReference; lastKnownFileType = sourcecode.swift; path = CategoryCardView.swift; sourceTree = "<group>"; };
		87276C372933F6AB00C92F4C /* CustomTextEditor.swift */ = {isa = PBXFileReference; lastKnownFileType = sourcecode.swift; path = CustomTextEditor.swift; sourceTree = "<group>"; };
		872A7D8E2918393B004A05B8 /* PrivacyPolicyView.swift */ = {isa = PBXFileReference; lastKnownFileType = sourcecode.swift; path = PrivacyPolicyView.swift; sourceTree = "<group>"; };
		8764C0D6291F85DF00E1593B /* NavigationStackModel.swift */ = {isa = PBXFileReference; lastKnownFileType = sourcecode.swift; path = NavigationStackModel.swift; sourceTree = "<group>"; };
		878837492920D549009B3F54 /* Binding+Extension.swift */ = {isa = PBXFileReference; lastKnownFileType = sourcecode.swift; path = "Binding+Extension.swift"; sourceTree = "<group>"; };
		8792478C2918CE450040D5C3 /* UINavigationContoller+Extension.swift */ = {isa = PBXFileReference; lastKnownFileType = sourcecode.swift; path = "UINavigationContoller+Extension.swift"; sourceTree = "<group>"; };
		8792479A291BDF820040D5C3 /* SearchView.swift */ = {isa = PBXFileReference; lastKnownFileType = sourcecode.swift; path = SearchView.swift; sourceTree = "<group>"; };
		8795A16D292AB841004B765F /* View+Extension.swift */ = {isa = PBXFileReference; lastKnownFileType = sourcecode.swift; path = "View+Extension.swift"; sourceTree = "<group>"; };
		8795A16F292AB945004B765F /* UIScreen+Extension.swift */ = {isa = PBXFileReference; lastKnownFileType = sourcecode.swift; path = "UIScreen+Extension.swift"; sourceTree = "<group>"; };
		8795A171292ABFDE004B765F /* ReadShortcutVersionView.swift */ = {isa = PBXFileReference; lastKnownFileType = sourcecode.swift; path = ReadShortcutVersionView.swift; sourceTree = "<group>"; };
		8795A173292ACA50004B765F /* ReadShortcutCommentView.swift */ = {isa = PBXFileReference; lastKnownFileType = sourcecode.swift; path = ReadShortcutCommentView.swift; sourceTree = "<group>"; };
		87CFD8482939187200F97B86 /* NicknameTextField.swift */ = {isa = PBXFileReference; lastKnownFileType = sourcecode.swift; path = NicknameTextField.swift; sourceTree = "<group>"; };
		87E606AD2910623C00C3DA13 /* HappyAnding.entitlements */ = {isa = PBXFileReference; lastKnownFileType = text.plist.entitlements; path = HappyAnding.entitlements; sourceTree = "<group>"; };
		87E606AF291062F900C3DA13 /* AppleAuthCoordinator.swift */ = {isa = PBXFileReference; lastKnownFileType = sourcecode.swift; path = AppleAuthCoordinator.swift; sourceTree = "<group>"; };
		87E606B12910649B00C3DA13 /* SignInWithAppleView.swift */ = {isa = PBXFileReference; lastKnownFileType = sourcecode.swift; path = SignInWithAppleView.swift; sourceTree = "<group>"; };
		87E606B529114F7D00C3DA13 /* WriteNicknameView.swift */ = {isa = PBXFileReference; lastKnownFileType = sourcecode.swift; path = WriteNicknameView.swift; sourceTree = "<group>"; };
		87E606B729114FB200C3DA13 /* UserAuth.swift */ = {isa = PBXFileReference; lastKnownFileType = sourcecode.swift; path = UserAuth.swift; sourceTree = "<group>"; };
		87E99C6A28F94EA6009B691F /* HappyAnding.app */ = {isa = PBXFileReference; explicitFileType = wrapper.application; includeInIndex = 0; path = HappyAnding.app; sourceTree = BUILT_PRODUCTS_DIR; };
		87E99C6D28F94EA6009B691F /* HappyAndingApp.swift */ = {isa = PBXFileReference; lastKnownFileType = sourcecode.swift; path = HappyAndingApp.swift; sourceTree = "<group>"; };
		87E99C6F28F94EA6009B691F /* ShortcutTabView.swift */ = {isa = PBXFileReference; lastKnownFileType = sourcecode.swift; path = ShortcutTabView.swift; sourceTree = "<group>"; };
		87E99C7128F94EA8009B691F /* Assets.xcassets */ = {isa = PBXFileReference; lastKnownFileType = folder.assetcatalog; path = Assets.xcassets; sourceTree = "<group>"; };
		87E99C7428F94EA8009B691F /* Preview Assets.xcassets */ = {isa = PBXFileReference; lastKnownFileType = folder.assetcatalog; path = "Preview Assets.xcassets"; sourceTree = "<group>"; };
		87E99C7A28F94EA8009B691F /* HappyAndingTests.xctest */ = {isa = PBXFileReference; explicitFileType = wrapper.cfbundle; includeInIndex = 0; path = HappyAndingTests.xctest; sourceTree = BUILT_PRODUCTS_DIR; };
		87E99C7E28F94EA8009B691F /* HappyAndingTests.swift */ = {isa = PBXFileReference; lastKnownFileType = sourcecode.swift; path = HappyAndingTests.swift; sourceTree = "<group>"; };
		87E99C8428F94EA8009B691F /* HappyAndingUITests.xctest */ = {isa = PBXFileReference; explicitFileType = wrapper.cfbundle; includeInIndex = 0; path = HappyAndingUITests.xctest; sourceTree = BUILT_PRODUCTS_DIR; };
		87E99C8828F94EA8009B691F /* HappyAndingUITests.swift */ = {isa = PBXFileReference; lastKnownFileType = sourcecode.swift; path = HappyAndingUITests.swift; sourceTree = "<group>"; };
		87E99C8A28F94EA8009B691F /* HappyAndingUITestsLaunchTests.swift */ = {isa = PBXFileReference; lastKnownFileType = sourcecode.swift; path = HappyAndingUITestsLaunchTests.swift; sourceTree = "<group>"; };
		87E99C9E28FFF21B009B691F /* SettingView.swift */ = {isa = PBXFileReference; lastKnownFileType = sourcecode.swift; path = SettingView.swift; sourceTree = "<group>"; };
		87E99CA028FFF225009B691F /* MyPageView.swift */ = {isa = PBXFileReference; lastKnownFileType = sourcecode.swift; path = MyPageView.swift; sourceTree = "<group>"; };
		87E99CA228FFF22E009B691F /* ExploreCurationView.swift */ = {isa = PBXFileReference; lastKnownFileType = sourcecode.swift; path = ExploreCurationView.swift; sourceTree = "<group>"; };
		87E99CA428FFF238009B691F /* ReadAdminCurationView.swift */ = {isa = PBXFileReference; lastKnownFileType = sourcecode.swift; path = ReadAdminCurationView.swift; sourceTree = "<group>"; };
		87E99CA628FFF23E009B691F /* ListCurationView.swift */ = {isa = PBXFileReference; lastKnownFileType = sourcecode.swift; path = ListCurationView.swift; sourceTree = "<group>"; };
		87E99CA828FFF24F009B691F /* ExploreShortcutView.swift */ = {isa = PBXFileReference; lastKnownFileType = sourcecode.swift; path = ExploreShortcutView.swift; sourceTree = "<group>"; };
		87E99CAC28FFF261009B691F /* ReadShortcutView.swift */ = {isa = PBXFileReference; lastKnownFileType = sourcecode.swift; path = ReadShortcutView.swift; sourceTree = "<group>"; };
		87E99CB028FFF273009B691F /* WriteCurationSetView.swift */ = {isa = PBXFileReference; lastKnownFileType = sourcecode.swift; path = WriteCurationSetView.swift; sourceTree = "<group>"; };
		87E99CB428FFF282009B691F /* WriteCurationInfoView.swift */ = {isa = PBXFileReference; lastKnownFileType = sourcecode.swift; path = WriteCurationInfoView.swift; sourceTree = "<group>"; };
		87E99CB828FFF291009B691F /* WriteShortcutView.swift */ = {isa = PBXFileReference; lastKnownFileType = sourcecode.swift; path = WriteShortcutView.swift; sourceTree = "<group>"; };
		87E99CBA28FFF298009B691F /* IconModalView.swift */ = {isa = PBXFileReference; lastKnownFileType = sourcecode.swift; path = IconModalView.swift; sourceTree = "<group>"; };
		87E99CC028FFF2B5009B691F /* CategoryModalView.swift */ = {isa = PBXFileReference; lastKnownFileType = sourcecode.swift; path = CategoryModalView.swift; sourceTree = "<group>"; };
		87E99CC329014572009B691F /* Color+Extension.swift */ = {isa = PBXFileReference; lastKnownFileType = sourcecode.swift; path = "Color+Extension.swift"; sourceTree = "<group>"; };
		87E99CC6290145AD009B691F /* ShortcutCell.swift */ = {isa = PBXFileReference; lastKnownFileType = sourcecode.swift; path = ShortcutCell.swift; sourceTree = "<group>"; };
		87E99CC8290145B8009B691F /* ListShortcutView.swift */ = {isa = PBXFileReference; lastKnownFileType = sourcecode.swift; path = ListShortcutView.swift; sourceTree = "<group>"; };
		87E99CCA290145C4009B691F /* UserCurationCell.swift */ = {isa = PBXFileReference; lastKnownFileType = sourcecode.swift; path = UserCurationCell.swift; sourceTree = "<group>"; };
		87E99CCC290145CC009B691F /* AdminCurationCell.swift */ = {isa = PBXFileReference; lastKnownFileType = sourcecode.swift; path = AdminCurationCell.swift; sourceTree = "<group>"; };
		87E99CD22901465F009B691F /* ValidationCheckTextField.swift */ = {isa = PBXFileReference; lastKnownFileType = sourcecode.swift; path = ValidationCheckTextField.swift; sourceTree = "<group>"; };
		87E99CD829042536009B691F /* SectionType.swift */ = {isa = PBXFileReference; lastKnownFileType = sourcecode.swift; path = SectionType.swift; sourceTree = "<group>"; };
		87E99CDA29042CCA009B691F /* Category.swift */ = {isa = PBXFileReference; lastKnownFileType = sourcecode.swift; path = Category.swift; sourceTree = "<group>"; };
		87E99CE72907C6E6009B691F /* Shortcuts.swift */ = {isa = PBXFileReference; lastKnownFileType = sourcecode.swift; path = Shortcuts.swift; sourceTree = "<group>"; };
		87E99CEB29080C30009B691F /* Curation.swift */ = {isa = PBXFileReference; lastKnownFileType = sourcecode.swift; path = Curation.swift; sourceTree = "<group>"; };
		87E99CED29080D33009B691F /* User.swift */ = {isa = PBXFileReference; lastKnownFileType = sourcecode.swift; path = User.swift; sourceTree = "<group>"; };
		A04ACB0029027BDE004A85A6 /* TabRouter.swift */ = {isa = PBXFileReference; lastKnownFileType = sourcecode.swift; path = TabRouter.swift; sourceTree = "<group>"; };
		A04ACB052903D0B2004A85A6 /* MyShortcutCardView.swift */ = {isa = PBXFileReference; lastKnownFileType = sourcecode.swift; path = MyShortcutCardView.swift; sourceTree = "<group>"; };
		A04ACB072903DECC004A85A6 /* MyShortcutCardListView.swift */ = {isa = PBXFileReference; lastKnownFileType = sourcecode.swift; path = MyShortcutCardListView.swift; sourceTree = "<group>"; };
		A04ACB0929041CD8004A85A6 /* DownloadRankView.swift */ = {isa = PBXFileReference; lastKnownFileType = sourcecode.swift; path = DownloadRankView.swift; sourceTree = "<group>"; };
		A04ACB0B29041CEE004A85A6 /* LovedShortcutView.swift */ = {isa = PBXFileReference; lastKnownFileType = sourcecode.swift; path = LovedShortcutView.swift; sourceTree = "<group>"; };
		A04ACB0D29041D61004A85A6 /* CategoryView.swift */ = {isa = PBXFileReference; lastKnownFileType = sourcecode.swift; path = CategoryView.swift; sourceTree = "<group>"; };
		A04ACB31290686AA004A85A6 /* ReadShortcutHeaderView.swift */ = {isa = PBXFileReference; lastKnownFileType = sourcecode.swift; path = ReadShortcutHeaderView.swift; sourceTree = "<group>"; };
		A04ACB33290686C7004A85A6 /* ReadShortcutContentView.swift */ = {isa = PBXFileReference; lastKnownFileType = sourcecode.swift; path = ReadShortcutContentView.swift; sourceTree = "<group>"; };
		A09CBA7D2922B36C00D31F5F /* String+Extension.swift */ = {isa = PBXFileReference; lastKnownFileType = sourcecode.swift; path = "String+Extension.swift"; sourceTree = "<group>"; };
		A0DD085629276608008177BB /* URL+Extension.swift */ = {isa = PBXFileReference; lastKnownFileType = sourcecode.swift; path = "URL+Extension.swift"; sourceTree = "<group>"; };
		A0F822AB2910B8F100AF4448 /* ShortcutsZipViewModel.swift */ = {isa = PBXFileReference; lastKnownFileType = sourcecode.swift; path = ShortcutsZipViewModel.swift; sourceTree = "<group>"; };
		A0F822B629164D2300AF4448 /* ShortcutsCategoryListView.swift */ = {isa = PBXFileReference; lastKnownFileType = sourcecode.swift; path = ShortcutsCategoryListView.swift; sourceTree = "<group>"; };
		A33F74AD2908D8C800B8D0D0 /* CheckBoxShortcutCell.swift */ = {isa = PBXFileReference; lastKnownFileType = sourcecode.swift; path = CheckBoxShortcutCell.swift; sourceTree = "<group>"; };
		A3439AFA2939B0E80043E273 /* UserDefaults+Extension.swift */ = {isa = PBXFileReference; lastKnownFileType = sourcecode.swift; path = "UserDefaults+Extension.swift"; sourceTree = "<group>"; };
		A3439B04293B48C20043E273 /* GoogleService-Info.plist */ = {isa = PBXFileReference; fileEncoding = 4; lastKnownFileType = text.plist.xml; path = "GoogleService-Info.plist"; sourceTree = "<group>"; };
		A35C39532936928200C4359F /* GoogleService-Info.plist */ = {isa = PBXFileReference; fileEncoding = 4; lastKnownFileType = text.plist.xml; name = "GoogleService-Info.plist"; path = "../../../../Downloads/GoogleService-Info.plist"; sourceTree = "<group>"; };
		A35DB3362927E8EB0011A28B /* CustomShareViewController.swift */ = {isa = PBXFileReference; lastKnownFileType = sourcecode.swift; path = CustomShareViewController.swift; sourceTree = "<group>"; };
		A35DB3382927E9630011A28B /* CustomShareNavigationController.swift */ = {isa = PBXFileReference; lastKnownFileType = sourcecode.swift; path = CustomShareNavigationController.swift; sourceTree = "<group>"; };
		A3766B222904330300708F83 /* ReadUserCurationView.swift */ = {isa = PBXFileReference; lastKnownFileType = sourcecode.swift; path = ReadUserCurationView.swift; sourceTree = "<group>"; };
		A38115B9292B447D0043E8B8 /* ShortcutCardCell.swift */ = {isa = PBXFileReference; lastKnownFileType = sourcecode.swift; path = ShortcutCardCell.swift; sourceTree = "<group>"; };
		A3A6AD14292763E2004C49DC /* ShareExtension.appex */ = {isa = PBXFileReference; explicitFileType = "wrapper.app-extension"; includeInIndex = 0; path = ShareExtension.appex; sourceTree = BUILT_PRODUCTS_DIR; };
		A3A6AD1B292763E2004C49DC /* Info.plist */ = {isa = PBXFileReference; lastKnownFileType = text.plist.xml; path = Info.plist; sourceTree = "<group>"; };
		A3A6AD232927BA06004C49DC /* ShareExtension.entitlements */ = {isa = PBXFileReference; lastKnownFileType = text.plist.entitlements; path = ShareExtension.entitlements; sourceTree = "<group>"; };
		A3B263692909DFD200829DE1 /* CurationListView.swift */ = {isa = PBXFileReference; lastKnownFileType = sourcecode.swift; path = CurationListView.swift; sourceTree = "<group>"; };
		A3C5576B292BE084003907DC /* ShareExtensionWriteShortcutTitleView.swift */ = {isa = PBXFileReference; lastKnownFileType = sourcecode.swift; path = ShareExtensionWriteShortcutTitleView.swift; sourceTree = "<group>"; };
		A3FF0182291648A300384211 /* MailView.swift */ = {isa = PBXFileReference; lastKnownFileType = sourcecode.swift; path = MailView.swift; sourceTree = "<group>"; };
		A3FF01852918552E00384211 /* AboutTeamView.swift */ = {isa = PBXFileReference; lastKnownFileType = sourcecode.swift; path = AboutTeamView.swift; sourceTree = "<group>"; };
		A3FF01872918581E00384211 /* LicenseView.swift */ = {isa = PBXFileReference; lastKnownFileType = sourcecode.swift; path = LicenseView.swift; sourceTree = "<group>"; };
		A3FF01892918F8EF00384211 /* apache.txt */ = {isa = PBXFileReference; lastKnownFileType = text; path = apache.txt; sourceTree = "<group>"; };
		A3FF018D291ACFA500384211 /* WithdrawalView.swift */ = {isa = PBXFileReference; lastKnownFileType = sourcecode.swift; path = WithdrawalView.swift; sourceTree = "<group>"; };
		A3FF4F822979C09000FA9EEE /* LineBreaking+Extension.swift */ = {isa = PBXFileReference; lastKnownFileType = sourcecode.swift; path = "LineBreaking+Extension.swift"; sourceTree = "<group>"; };
		F9131B6A2922D38D00868A0E /* Keyword.swift */ = {isa = PBXFileReference; lastKnownFileType = sourcecode.swift; path = Keyword.swift; sourceTree = "<group>"; };
		F9136EB5293612310034AAB2 /* ShortcutsZipView.swift */ = {isa = PBXFileReference; lastKnownFileType = sourcecode.swift; path = ShortcutsZipView.swift; sourceTree = "<group>"; };
		F94B432D2907088400987819 /* UserCurationListView.swift */ = {isa = PBXFileReference; lastKnownFileType = sourcecode.swift; path = UserCurationListView.swift; sourceTree = "<group>"; };
		F96D45B62980301F000C2441 /* SubtitleTextView.swift */ = {isa = PBXFileReference; lastKnownFileType = sourcecode.swift; path = SubtitleTextView.swift; sourceTree = "<group>"; };
		F96D45BA29804057000C2441 /* Alert+Extension.swift */ = {isa = PBXFileReference; lastKnownFileType = sourcecode.swift; path = "Alert+Extension.swift"; sourceTree = "<group>"; };
		F96D45BC29816578000C2441 /* StickyHeader.swift */ = {isa = PBXFileReference; lastKnownFileType = sourcecode.swift; path = StickyHeader.swift; sourceTree = "<group>"; };
		F9724BBE292755E400860F8A /* Comment.swift */ = {isa = PBXFileReference; lastKnownFileType = sourcecode.swift; path = Comment.swift; sourceTree = "<group>"; };
		F976E82B29368E0D0088BBA1 /* Version.swift */ = {isa = PBXFileReference; lastKnownFileType = sourcecode.swift; path = Version.swift; sourceTree = "<group>"; };
		F976E85029395B350088BBA1 /* ShareExtensionViewModel.swift */ = {isa = PBXFileReference; lastKnownFileType = sourcecode.swift; path = ShareExtensionViewModel.swift; sourceTree = "<group>"; };
		F99569172901DC4D0060AAEF /* Font+Extension.swift */ = {isa = PBXFileReference; lastKnownFileType = sourcecode.swift; path = "Font+Extension.swift"; sourceTree = "<group>"; };
		F9AC2BB52935201C00165820 /* CheckUpdateVersion.swift */ = {isa = PBXFileReference; lastKnownFileType = sourcecode.swift; path = CheckUpdateVersion.swift; sourceTree = "<group>"; };
		F9AC2BB92935D34C00165820 /* Image+Extension.swift */ = {isa = PBXFileReference; lastKnownFileType = sourcecode.swift; path = "Image+Extension.swift"; sourceTree = "<group>"; };
		F9CAEF822914855900224B0A /* Date+Extension.swift */ = {isa = PBXFileReference; lastKnownFileType = sourcecode.swift; path = "Date+Extension.swift"; sourceTree = "<group>"; };
		F9DB8EB82939853D00516CE1 /* ShareExtensionValidationTextField.swift */ = {isa = PBXFileReference; lastKnownFileType = sourcecode.swift; path = ShareExtensionValidationTextField.swift; sourceTree = "<group>"; };
		F9DB8EBC293987BD00516CE1 /* ShareExtensionCustomTextEditor.swift */ = {isa = PBXFileReference; lastKnownFileType = sourcecode.swift; path = ShareExtensionCustomTextEditor.swift; sourceTree = "<group>"; };
		F9DB8ED2293B4C3200516CE1 /* ShareExtensionTagTextField.swift */ = {isa = PBXFileReference; lastKnownFileType = sourcecode.swift; path = ShareExtensionTagTextField.swift; sourceTree = "<group>"; };
		F9F4D3692906E0B000DC8546 /* Navigationbar+Extension.swift */ = {isa = PBXFileReference; lastKnownFileType = sourcecode.swift; path = "Navigationbar+Extension.swift"; sourceTree = "<group>"; };
/* End PBXFileReference section */

/* Begin PBXFrameworksBuildPhase section */
		87E99C6728F94EA6009B691F /* Frameworks */ = {
			isa = PBXFrameworksBuildPhase;
			buildActionMask = 2147483647;
			files = (
				F94B435D2907B19A00987819 /* FirebaseAnalytics in Frameworks */,
				F94B43632907B19A00987819 /* FirebaseFirestoreCombine-Community in Frameworks */,
				F94B435F2907B19A00987819 /* FirebaseAuth in Frameworks */,
				F94B43612907B19A00987819 /* FirebaseFirestore in Frameworks */,
			);
			runOnlyForDeploymentPostprocessing = 0;
		};
		87E99C7728F94EA8009B691F /* Frameworks */ = {
			isa = PBXFrameworksBuildPhase;
			buildActionMask = 2147483647;
			files = (
			);
			runOnlyForDeploymentPostprocessing = 0;
		};
		87E99C8128F94EA8009B691F /* Frameworks */ = {
			isa = PBXFrameworksBuildPhase;
			buildActionMask = 2147483647;
			files = (
			);
			runOnlyForDeploymentPostprocessing = 0;
		};
		A3A6AD11292763E2004C49DC /* Frameworks */ = {
			isa = PBXFrameworksBuildPhase;
			buildActionMask = 2147483647;
			files = (
				A3FC474B292A61550058BF26 /* FirebaseDatabase in Frameworks */,
				A3FC474D292A61550058BF26 /* FirebaseFirestoreCombine-Community in Frameworks */,
				A3FC4747292A61550058BF26 /* FirebaseAnalytics in Frameworks */,
				A3FC4749292A61550058BF26 /* FirebaseAuth in Frameworks */,
			);
			runOnlyForDeploymentPostprocessing = 0;
		};
/* End PBXFrameworksBuildPhase section */

/* Begin PBXGroup section */
		87E606AE291062D300C3DA13 /* SignInViews */ = {
			isa = PBXGroup;
			children = (
				87E606B12910649B00C3DA13 /* SignInWithAppleView.swift */,
				87E606B529114F7D00C3DA13 /* WriteNicknameView.swift */,
				87E606AF291062F900C3DA13 /* AppleAuthCoordinator.swift */,
				87E606B729114FB200C3DA13 /* UserAuth.swift */,
				872A7D8E2918393B004A05B8 /* PrivacyPolicyView.swift */,
			);
			path = SignInViews;
			sourceTree = "<group>";
		};
		87E99C6128F94EA6009B691F = {
			isa = PBXGroup;
			children = (
				A3439B04293B48C20043E273 /* GoogleService-Info.plist */,
				87E99C6C28F94EA6009B691F /* HappyAnding */,
				87E99C7D28F94EA8009B691F /* HappyAndingTests */,
				87E99C8728F94EA8009B691F /* HappyAndingUITests */,
				A3A6AD15292763E2004C49DC /* ShareExtension */,
				87E99C6B28F94EA6009B691F /* Products */,
				A3FC4745292A61550058BF26 /* Frameworks */,
				F9DB8ECB293B30EC00516CE1 /* Recovered References */,
				A3439B01293A93960043E273 /* Recovered References */,
			);
			sourceTree = "<group>";
		};
		87E99C6B28F94EA6009B691F /* Products */ = {
			isa = PBXGroup;
			children = (
				87E99C6A28F94EA6009B691F /* HappyAnding.app */,
				87E99C7A28F94EA8009B691F /* HappyAndingTests.xctest */,
				87E99C8428F94EA8009B691F /* HappyAndingUITests.xctest */,
				A3A6AD14292763E2004C49DC /* ShareExtension.appex */,
			);
			name = Products;
			sourceTree = "<group>";
		};
		87E99C6C28F94EA6009B691F /* HappyAnding */ = {
			isa = PBXGroup;
			children = (
				87E606AD2910623C00C3DA13 /* HappyAnding.entitlements */,
				3D41EE06290A458B008BE986 /* Info.plist */,
				87E99CC22901454D009B691F /* Extensions */,
				87E99C9828FFF1D2009B691F /* Views */,
				87E99CD729042503009B691F /* Model */,
				A0F822AA2910B8B900AF4448 /* ViewModel */,
				87E99C7128F94EA8009B691F /* Assets.xcassets */,
				87E99C7328F94EA8009B691F /* Preview Content */,
			);
			path = HappyAnding;
			sourceTree = "<group>";
		};
		87E99C7328F94EA8009B691F /* Preview Content */ = {
			isa = PBXGroup;
			children = (
				87E99C7428F94EA8009B691F /* Preview Assets.xcassets */,
			);
			path = "Preview Content";
			sourceTree = "<group>";
		};
		87E99C7D28F94EA8009B691F /* HappyAndingTests */ = {
			isa = PBXGroup;
			children = (
				87E99C7E28F94EA8009B691F /* HappyAndingTests.swift */,
			);
			path = HappyAndingTests;
			sourceTree = "<group>";
		};
		87E99C8728F94EA8009B691F /* HappyAndingUITests */ = {
			isa = PBXGroup;
			children = (
				87E99C8828F94EA8009B691F /* HappyAndingUITests.swift */,
				87E99C8A28F94EA8009B691F /* HappyAndingUITestsLaunchTests.swift */,
			);
			path = HappyAndingUITests;
			sourceTree = "<group>";
		};
		87E99C9728FFF1C0009B691F /* WriteShortcutViews */ = {
			isa = PBXGroup;
			children = (
				87E99CB828FFF291009B691F /* WriteShortcutView.swift */,
				87E99CBA28FFF298009B691F /* IconModalView.swift */,
				87E99CC028FFF2B5009B691F /* CategoryModalView.swift */,
			);
			path = WriteShortcutViews;
			sourceTree = "<group>";
		};
		87E99C9828FFF1D2009B691F /* Views */ = {
			isa = PBXGroup;
			children = (
				87E99C6D28F94EA6009B691F /* HappyAndingApp.swift */,
				A04ACB0229027F4F004A85A6 /* TabView */,
				87E99CC52901457B009B691F /* Components */,
				87E99C9B28FFF1F4009B691F /* ExploreShortcutViews */,
				87E99C9728FFF1C0009B691F /* WriteShortcutViews */,
				87E99C9A28FFF1E9009B691F /* ShortcutDetailViews */,
				87E99C9C28FFF1FE009B691F /* ExploreCurationViews */,
				87E99C9928FFF1DE009B691F /* WriteCurationViews */,
				87E99C9D28FFF207009B691F /* MyPageViews */,
				87E606AE291062D300C3DA13 /* SignInViews */,
				8792479A291BDF820040D5C3 /* SearchView.swift */,
				3D41EE07290A4C18008BE986 /* Launch Screen.storyboard */,
				F9136EB5293612310034AAB2 /* ShortcutsZipView.swift */,
			);
			path = Views;
			sourceTree = "<group>";
		};
		87E99C9928FFF1DE009B691F /* WriteCurationViews */ = {
			isa = PBXGroup;
			children = (
				87E99CB028FFF273009B691F /* WriteCurationSetView.swift */,
				87E99CB428FFF282009B691F /* WriteCurationInfoView.swift */,
				A33F74AD2908D8C800B8D0D0 /* CheckBoxShortcutCell.swift */,
			);
			path = WriteCurationViews;
			sourceTree = "<group>";
		};
		87E99C9A28FFF1E9009B691F /* ShortcutDetailViews */ = {
			isa = PBXGroup;
			children = (
				A04ACB3029068688004A85A6 /* ReadShortcutView */,
				4DAD635D292AB61700ABF8C1 /* UpdateShortcutView.swift */,
				4D3DBB952934E31A00DE8160 /* ShowProfileView.swift */,
			);
			path = ShortcutDetailViews;
			sourceTree = "<group>";
		};
		87E99C9B28FFF1F4009B691F /* ExploreShortcutViews */ = {
			isa = PBXGroup;
			children = (
				A04ACB0F29044E52004A85A6 /* ExploreShortcutView */,
				A0F822B629164D2300AF4448 /* ShortcutsCategoryListView.swift */,
			);
			path = ExploreShortcutViews;
			sourceTree = "<group>";
		};
		87E99C9C28FFF1FE009B691F /* ExploreCurationViews */ = {
			isa = PBXGroup;
			children = (
				87E99CA228FFF22E009B691F /* ExploreCurationView.swift */,
				87E99CA428FFF238009B691F /* ReadAdminCurationView.swift */,
				A3766B222904330300708F83 /* ReadUserCurationView.swift */,
				87E99CA628FFF23E009B691F /* ListCurationView.swift */,
			);
			path = ExploreCurationViews;
			sourceTree = "<group>";
		};
		87E99C9D28FFF207009B691F /* MyPageViews */ = {
			isa = PBXGroup;
			children = (
				A3FF0184291854FA00384211 /* SettingViews */,
				87E99C9E28FFF21B009B691F /* SettingView.swift */,
				87E99CA028FFF225009B691F /* MyPageView.swift */,
				A3FF0182291648A300384211 /* MailView.swift */,
				4D3DBB87292E67E500DE8160 /* EditNicknameView.swift */,
			);
			path = MyPageViews;
			sourceTree = "<group>";
		};
		87E99CC22901454D009B691F /* Extensions */ = {
			isa = PBXGroup;
			children = (
				87E99CC329014572009B691F /* Color+Extension.swift */,
				F99569172901DC4D0060AAEF /* Font+Extension.swift */,
				F9F4D3692906E0B000DC8546 /* Navigationbar+Extension.swift */,
				4D778A33290A53BA00C15AC4 /* Application+Extension.swift */,
				F9CAEF822914855900224B0A /* Date+Extension.swift */,
				8792478C2918CE450040D5C3 /* UINavigationContoller+Extension.swift */,
				A09CBA7D2922B36C00D31F5F /* String+Extension.swift */,
				878837492920D549009B3F54 /* Binding+Extension.swift */,
				A0DD085629276608008177BB /* URL+Extension.swift */,
				8795A16D292AB841004B765F /* View+Extension.swift */,
				8795A16F292AB945004B765F /* UIScreen+Extension.swift */,
				F9AC2BB92935D34C00165820 /* Image+Extension.swift */,
				A3439AFA2939B0E80043E273 /* UserDefaults+Extension.swift */,
				A3FF4F822979C09000FA9EEE /* LineBreaking+Extension.swift */,
				F96D45BA29804057000C2441 /* Alert+Extension.swift */,
			);
			path = Extensions;
			sourceTree = "<group>";
		};
		87E99CC52901457B009B691F /* Components */ = {
			isa = PBXGroup;
			children = (
				A04ACB052903D0B2004A85A6 /* MyShortcutCardView.swift */,
				A04ACB072903DECC004A85A6 /* MyShortcutCardListView.swift */,
				87E99CC6290145AD009B691F /* ShortcutCell.swift */,
				A38115B9292B447D0043E8B8 /* ShortcutCardCell.swift */,
				87E99CC8290145B8009B691F /* ListShortcutView.swift */,
				87E99CCA290145C4009B691F /* UserCurationCell.swift */,
				87E99CCC290145CC009B691F /* AdminCurationCell.swift */,
				87E99CD22901465F009B691F /* ValidationCheckTextField.swift */,
				F94B432D2907088400987819 /* UserCurationListView.swift */,
				A3B263692909DFD200829DE1 /* CurationListView.swift */,
				87276C372933F6AB00C92F4C /* CustomTextEditor.swift */,
				87CFD8482939187200F97B86 /* NicknameTextField.swift */,
				F96D45B62980301F000C2441 /* SubtitleTextView.swift */,
				F96D45BC29816578000C2441 /* StickyHeader.swift */,
			);
			path = Components;
			sourceTree = "<group>";
		};
		87E99CD729042503009B691F /* Model */ = {
			isa = PBXGroup;
			children = (
				87E99CD829042536009B691F /* SectionType.swift */,
				87E99CDA29042CCA009B691F /* Category.swift */,
				87E99CE72907C6E6009B691F /* Shortcuts.swift */,
				87E99CEB29080C30009B691F /* Curation.swift */,
				87E99CED29080D33009B691F /* User.swift */,
				F9131B6A2922D38D00868A0E /* Keyword.swift */,
				8764C0D6291F85DF00E1593B /* NavigationStackModel.swift */,
				F9724BBE292755E400860F8A /* Comment.swift */,
				F976E82B29368E0D0088BBA1 /* Version.swift */,
			);
			path = Model;
			sourceTree = "<group>";
		};
		A04ACB0229027F4F004A85A6 /* TabView */ = {
			isa = PBXGroup;
			children = (
				87E99C6F28F94EA6009B691F /* ShortcutTabView.swift */,
				A04ACB0029027BDE004A85A6 /* TabRouter.swift */,
			);
			path = TabView;
			sourceTree = "<group>";
		};
		A04ACB0F29044E52004A85A6 /* ExploreShortcutView */ = {
			isa = PBXGroup;
			children = (
				87E99CA828FFF24F009B691F /* ExploreShortcutView.swift */,
				4D402E7A2979342800D9A825 /* RecentRegisteredView.swift */,
				A04ACB0B29041CEE004A85A6 /* LovedShortcutView.swift */,
				A04ACB0929041CD8004A85A6 /* DownloadRankView.swift */,
				A04ACB0D29041D61004A85A6 /* CategoryView.swift */,
				4DAD636F292BCB1000ABF8C1 /* CategoryCardView.swift */,
			);
			path = ExploreShortcutView;
			sourceTree = "<group>";
		};
		A04ACB3029068688004A85A6 /* ReadShortcutView */ = {
			isa = PBXGroup;
			children = (
				87E99CAC28FFF261009B691F /* ReadShortcutView.swift */,
				A04ACB31290686AA004A85A6 /* ReadShortcutHeaderView.swift */,
				A04ACB33290686C7004A85A6 /* ReadShortcutContentView.swift */,
				8795A171292ABFDE004B765F /* ReadShortcutVersionView.swift */,
				8795A173292ACA50004B765F /* ReadShortcutCommentView.swift */,
			);
			path = ReadShortcutView;
			sourceTree = "<group>";
		};
		A0F822AA2910B8B900AF4448 /* ViewModel */ = {
			isa = PBXGroup;
			children = (
				A0F822AB2910B8F100AF4448 /* ShortcutsZipViewModel.swift */,
				4D61A766291E1EE8000EF531 /* NavigationViewModel.swift */,
				F9AC2BB52935201C00165820 /* CheckUpdateVersion.swift */,
			);
			path = ViewModel;
			sourceTree = "<group>";
		};
		A3439B01293A93960043E273 /* Recovered References */ = {
			isa = PBXGroup;
			children = (
				A35C39532936928200C4359F /* GoogleService-Info.plist */,
			);
			name = "Recovered References";
			sourceTree = "<group>";
		};
		A3A6AD15292763E2004C49DC /* ShareExtension */ = {
			isa = PBXGroup;
			children = (
				A3A6AD232927BA06004C49DC /* ShareExtension.entitlements */,
				F976E85029395B350088BBA1 /* ShareExtensionViewModel.swift */,
				A35DB3362927E8EB0011A28B /* CustomShareViewController.swift */,
				A35DB3382927E9630011A28B /* CustomShareNavigationController.swift */,
				A3C5576B292BE084003907DC /* ShareExtensionWriteShortcutTitleView.swift */,
				F9DB8EB82939853D00516CE1 /* ShareExtensionValidationTextField.swift */,
				F9DB8EBC293987BD00516CE1 /* ShareExtensionCustomTextEditor.swift */,
				F9DB8ED2293B4C3200516CE1 /* ShareExtensionTagTextField.swift */,
				A3A6AD1B292763E2004C49DC /* Info.plist */,
			);
			path = ShareExtension;
			sourceTree = "<group>";
		};
		A3FC4745292A61550058BF26 /* Frameworks */ = {
			isa = PBXGroup;
			children = (
			);
			name = Frameworks;
			sourceTree = "<group>";
		};
		A3FF0184291854FA00384211 /* SettingViews */ = {
			isa = PBXGroup;
			children = (
				A3FF01852918552E00384211 /* AboutTeamView.swift */,
				A3FF01872918581E00384211 /* LicenseView.swift */,
				A3FF01892918F8EF00384211 /* apache.txt */,
				A3FF018D291ACFA500384211 /* WithdrawalView.swift */,
			);
			path = SettingViews;
			sourceTree = "<group>";
		};
		F9DB8ECB293B30EC00516CE1 /* Recovered References */ = {
			isa = PBXGroup;
			children = (
			);
			name = "Recovered References";
			sourceTree = "<group>";
		};
/* End PBXGroup section */

/* Begin PBXNativeTarget section */
		87E99C6928F94EA6009B691F /* HappyAnding */ = {
			isa = PBXNativeTarget;
			buildConfigurationList = 87E99C8E28F94EA8009B691F /* Build configuration list for PBXNativeTarget "HappyAnding" */;
			buildPhases = (
				87E99C6628F94EA6009B691F /* Sources */,
				87E99C6728F94EA6009B691F /* Frameworks */,
				87E99C6828F94EA6009B691F /* Resources */,
				A3A6AD22292763E2004C49DC /* Embed Foundation Extensions */,
			);
			buildRules = (
			);
			dependencies = (
				A3A6AD1D292763E2004C49DC /* PBXTargetDependency */,
			);
			name = HappyAnding;
			packageProductDependencies = (
				F94B435C2907B19A00987819 /* FirebaseAnalytics */,
				F94B435E2907B19A00987819 /* FirebaseAuth */,
				F94B43602907B19A00987819 /* FirebaseFirestore */,
				F94B43622907B19A00987819 /* FirebaseFirestoreCombine-Community */,
			);
			productName = HappyAnding;
			productReference = 87E99C6A28F94EA6009B691F /* HappyAnding.app */;
			productType = "com.apple.product-type.application";
		};
		87E99C7928F94EA8009B691F /* HappyAndingTests */ = {
			isa = PBXNativeTarget;
			buildConfigurationList = 87E99C9128F94EA8009B691F /* Build configuration list for PBXNativeTarget "HappyAndingTests" */;
			buildPhases = (
				87E99C7628F94EA8009B691F /* Sources */,
				87E99C7728F94EA8009B691F /* Frameworks */,
				87E99C7828F94EA8009B691F /* Resources */,
			);
			buildRules = (
			);
			dependencies = (
				87E99C7C28F94EA8009B691F /* PBXTargetDependency */,
			);
			name = HappyAndingTests;
			productName = HappyAndingTests;
			productReference = 87E99C7A28F94EA8009B691F /* HappyAndingTests.xctest */;
			productType = "com.apple.product-type.bundle.unit-test";
		};
		87E99C8328F94EA8009B691F /* HappyAndingUITests */ = {
			isa = PBXNativeTarget;
			buildConfigurationList = 87E99C9428F94EA8009B691F /* Build configuration list for PBXNativeTarget "HappyAndingUITests" */;
			buildPhases = (
				87E99C8028F94EA8009B691F /* Sources */,
				87E99C8128F94EA8009B691F /* Frameworks */,
				87E99C8228F94EA8009B691F /* Resources */,
			);
			buildRules = (
			);
			dependencies = (
				87E99C8628F94EA8009B691F /* PBXTargetDependency */,
			);
			name = HappyAndingUITests;
			productName = HappyAndingUITests;
			productReference = 87E99C8428F94EA8009B691F /* HappyAndingUITests.xctest */;
			productType = "com.apple.product-type.bundle.ui-testing";
		};
		A3A6AD13292763E2004C49DC /* ShareExtension */ = {
			isa = PBXNativeTarget;
			buildConfigurationList = A3A6AD1F292763E2004C49DC /* Build configuration list for PBXNativeTarget "ShareExtension" */;
			buildPhases = (
				A3A6AD10292763E2004C49DC /* Sources */,
				A3A6AD11292763E2004C49DC /* Frameworks */,
				A3A6AD12292763E2004C49DC /* Resources */,
			);
			buildRules = (
			);
			dependencies = (
			);
			name = ShareExtension;
			packageProductDependencies = (
				A3FC4746292A61550058BF26 /* FirebaseAnalytics */,
				A3FC4748292A61550058BF26 /* FirebaseAuth */,
				A3FC474A292A61550058BF26 /* FirebaseDatabase */,
				A3FC474C292A61550058BF26 /* FirebaseFirestoreCombine-Community */,
			);
			productName = ShareExtension;
			productReference = A3A6AD14292763E2004C49DC /* ShareExtension.appex */;
			productType = "com.apple.product-type.app-extension";
		};
/* End PBXNativeTarget section */

/* Begin PBXProject section */
		87E99C6228F94EA6009B691F /* Project object */ = {
			isa = PBXProject;
			attributes = {
				BuildIndependentTargetsInParallel = 1;
				LastSwiftUpdateCheck = 1400;
				LastUpgradeCheck = 1400;
				TargetAttributes = {
					87E99C6928F94EA6009B691F = {
						CreatedOnToolsVersion = 14.0.1;
					};
					87E99C7928F94EA8009B691F = {
						CreatedOnToolsVersion = 14.0.1;
						TestTargetID = 87E99C6928F94EA6009B691F;
					};
					87E99C8328F94EA8009B691F = {
						CreatedOnToolsVersion = 14.0.1;
						TestTargetID = 87E99C6928F94EA6009B691F;
					};
					A3A6AD13292763E2004C49DC = {
						CreatedOnToolsVersion = 14.0;
						LastSwiftMigration = 1400;
					};
				};
			};
			buildConfigurationList = 87E99C6528F94EA6009B691F /* Build configuration list for PBXProject "HappyAnding" */;
			compatibilityVersion = "Xcode 14.0";
			developmentRegion = ko;
			hasScannedForEncodings = 0;
			knownRegions = (
				ko,
				Base,
			);
			mainGroup = 87E99C6128F94EA6009B691F;
			packageReferences = (
				F94B435B2907B19A00987819 /* XCRemoteSwiftPackageReference "firebase-ios-sdk" */,
			);
			productRefGroup = 87E99C6B28F94EA6009B691F /* Products */;
			projectDirPath = "";
			projectRoot = "";
			targets = (
				87E99C6928F94EA6009B691F /* HappyAnding */,
				87E99C7928F94EA8009B691F /* HappyAndingTests */,
				87E99C8328F94EA8009B691F /* HappyAndingUITests */,
				A3A6AD13292763E2004C49DC /* ShareExtension */,
			);
		};
/* End PBXProject section */

/* Begin PBXResourcesBuildPhase section */
		87E99C6828F94EA6009B691F /* Resources */ = {
			isa = PBXResourcesBuildPhase;
			buildActionMask = 2147483647;
			files = (
				F90DEA5129327E62002140E2 /* Launch Screen.storyboard in Resources */,
				F90DEA5029327E5D002140E2 /* Assets.xcassets in Resources */,
				A3439B05293B48C20043E273 /* GoogleService-Info.plist in Resources */,
				87E99C7528F94EA8009B691F /* Preview Assets.xcassets in Resources */,
				A3FF018A2918F8EF00384211 /* apache.txt in Resources */,
			);
			runOnlyForDeploymentPostprocessing = 0;
		};
		87E99C7828F94EA8009B691F /* Resources */ = {
			isa = PBXResourcesBuildPhase;
			buildActionMask = 2147483647;
			files = (
			);
			runOnlyForDeploymentPostprocessing = 0;
		};
		87E99C8228F94EA8009B691F /* Resources */ = {
			isa = PBXResourcesBuildPhase;
			buildActionMask = 2147483647;
			files = (
			);
			runOnlyForDeploymentPostprocessing = 0;
		};
		A3A6AD12292763E2004C49DC /* Resources */ = {
			isa = PBXResourcesBuildPhase;
			buildActionMask = 2147483647;
			files = (
				A31F1848292A64D700AF4A82 /* Assets.xcassets in Resources */,
				A3439B06293B493F0043E273 /* GoogleService-Info.plist in Resources */,
			);
			runOnlyForDeploymentPostprocessing = 0;
		};
/* End PBXResourcesBuildPhase section */

/* Begin PBXSourcesBuildPhase section */
		87E99C6628F94EA6009B691F /* Sources */ = {
			isa = PBXSourcesBuildPhase;
			buildActionMask = 2147483647;
			files = (
				F9AC2BBA2935D34C00165820 /* Image+Extension.swift in Sources */,
				F90DEA4F29327E4D002140E2 /* NavigationStackModel.swift in Sources */,
				F9CAEF8429148CDD00224B0A /* ReadAdminCurationView.swift in Sources */,
				F9AC2BB62935201C00165820 /* CheckUpdateVersion.swift in Sources */,
				F9131B6B2922D38D00868A0E /* Keyword.swift in Sources */,
				F94B432E2907088400987819 /* UserCurationListView.swift in Sources */,
				A04ACB34290686C7004A85A6 /* ReadShortcutContentView.swift in Sources */,
				A3FF0183291648A300384211 /* MailView.swift in Sources */,
				A0F822AC2910B8F100AF4448 /* ShortcutsZipViewModel.swift in Sources */,
				87276C382933F6AB00C92F4C /* CustomTextEditor.swift in Sources */,
				87E99CC429014572009B691F /* Color+Extension.swift in Sources */,
				87CFD8492939187200F97B86 /* NicknameTextField.swift in Sources */,
				4D3DBB962934E31A00DE8160 /* ShowProfileView.swift in Sources */,
				A0DD085729276608008177BB /* URL+Extension.swift in Sources */,
				87E99CD929042536009B691F /* SectionType.swift in Sources */,
				872A7D8F2918393B004A05B8 /* PrivacyPolicyView.swift in Sources */,
				A38115BA292B447D0043E8B8 /* ShortcutCardCell.swift in Sources */,
				8792479B291BDF820040D5C3 /* SearchView.swift in Sources */,
				A3FF018E291ACFA500384211 /* WithdrawalView.swift in Sources */,
				4D778A34290A53BA00C15AC4 /* Application+Extension.swift in Sources */,
				A3766B232904330300708F83 /* ReadUserCurationView.swift in Sources */,
				87E606B0291062F900C3DA13 /* AppleAuthCoordinator.swift in Sources */,
				8795A170292AB945004B765F /* UIScreen+Extension.swift in Sources */,
				A04ACB0A29041CD8004A85A6 /* DownloadRankView.swift in Sources */,
				4DAD6370292BCB1000ABF8C1 /* CategoryCardView.swift in Sources */,
				F96D45B72980301F000C2441 /* SubtitleTextView.swift in Sources */,
				4D402E7B2979342800D9A825 /* RecentRegisteredView.swift in Sources */,
				87E99CDB29042CCA009B691F /* Category.swift in Sources */,
				8795A16E292AB841004B765F /* View+Extension.swift in Sources */,
				A04ACB062903D0B2004A85A6 /* MyShortcutCardView.swift in Sources */,
				87E99CA728FFF23E009B691F /* ListCurationView.swift in Sources */,
				F9CAEF832914855900224B0A /* Date+Extension.swift in Sources */,
				87E606B629114F7D00C3DA13 /* WriteNicknameView.swift in Sources */,
				F9F4D36A2906E0B000DC8546 /* Navigationbar+Extension.swift in Sources */,
				A3B2636A2909DFD200829DE1 /* CurationListView.swift in Sources */,
				87E99CC128FFF2B5009B691F /* CategoryModalView.swift in Sources */,
				87E606B829114FB200C3DA13 /* UserAuth.swift in Sources */,
				4DAD635E292AB61700ABF8C1 /* UpdateShortcutView.swift in Sources */,
				87E99C9F28FFF21B009B691F /* SettingView.swift in Sources */,
				A04ACB32290686AA004A85A6 /* ReadShortcutHeaderView.swift in Sources */,
				87E99CA928FFF24F009B691F /* ExploreShortcutView.swift in Sources */,
				A04ACB082903DECC004A85A6 /* MyShortcutCardListView.swift in Sources */,
				87E99CA128FFF225009B691F /* MyPageView.swift in Sources */,
				A04ACB0129027BDE004A85A6 /* TabRouter.swift in Sources */,
				8792478D2918CE450040D5C3 /* UINavigationContoller+Extension.swift in Sources */,
				87E99CC7290145AD009B691F /* ShortcutCell.swift in Sources */,
				8795A172292ABFDE004B765F /* ReadShortcutVersionView.swift in Sources */,
				87E99CBB28FFF298009B691F /* IconModalView.swift in Sources */,
				87E99C7028F94EA6009B691F /* ShortcutTabView.swift in Sources */,
				F99569182901DC4D0060AAEF /* Font+Extension.swift in Sources */,
				87E99CAD28FFF261009B691F /* ReadShortcutView.swift in Sources */,
				A33F74AE2908D8C800B8D0D0 /* CheckBoxShortcutCell.swift in Sources */,
				87E606B22910649B00C3DA13 /* SignInWithAppleView.swift in Sources */,
				87E99CEC29080C30009B691F /* Curation.swift in Sources */,
				F9136EB6293612310034AAB2 /* ShortcutsZipView.swift in Sources */,
				87E99CB128FFF273009B691F /* WriteCurationSetView.swift in Sources */,
				4D61A767291E1EE8000EF531 /* NavigationViewModel.swift in Sources */,
				F96D45BD29816578000C2441 /* StickyHeader.swift in Sources */,
				87E99CEE29080D33009B691F /* User.swift in Sources */,
				F976E82C29368E0D0088BBA1 /* Version.swift in Sources */,
				87E99CB928FFF291009B691F /* WriteShortcutView.swift in Sources */,
				87E99CCD290145CC009B691F /* AdminCurationCell.swift in Sources */,
				A04ACB0E29041D61004A85A6 /* CategoryView.swift in Sources */,
				87E99CC9290145B8009B691F /* ListShortcutView.swift in Sources */,
				A3FF01862918552E00384211 /* AboutTeamView.swift in Sources */,
				87E99C6E28F94EA6009B691F /* HappyAndingApp.swift in Sources */,
				87E99CD32901465F009B691F /* ValidationCheckTextField.swift in Sources */,
				A3FF01882918581E00384211 /* LicenseView.swift in Sources */,
				8795A174292ACA50004B765F /* ReadShortcutCommentView.swift in Sources */,
				A04ACB0C29041CEE004A85A6 /* LovedShortcutView.swift in Sources */,
				A3439AFB2939B0E80043E273 /* UserDefaults+Extension.swift in Sources */,
				F96D45BB29804057000C2441 /* Alert+Extension.swift in Sources */,
				A09CBA7E2922B36C00D31F5F /* String+Extension.swift in Sources */,
				87E99CB528FFF282009B691F /* WriteCurationInfoView.swift in Sources */,
				F9DB8EBB293986E100516CE1 /* ShareExtensionViewModel.swift in Sources */,
				8788374A2920D549009B3F54 /* Binding+Extension.swift in Sources */,
				87E99CCB290145C4009B691F /* UserCurationCell.swift in Sources */,
				F9724BBF292755E400860F8A /* Comment.swift in Sources */,
				87E99CA328FFF22E009B691F /* ExploreCurationView.swift in Sources */,
				A3FF4F832979C09000FA9EEE /* LineBreaking+Extension.swift in Sources */,
				A0F822B729164D2300AF4448 /* ShortcutsCategoryListView.swift in Sources */,
				4D3DBB88292E67E600DE8160 /* EditNicknameView.swift in Sources */,
				87E99CE82907C6E6009B691F /* Shortcuts.swift in Sources */,
			);
			runOnlyForDeploymentPostprocessing = 0;
		};
		87E99C7628F94EA8009B691F /* Sources */ = {
			isa = PBXSourcesBuildPhase;
			buildActionMask = 2147483647;
			files = (
				87E99C7F28F94EA8009B691F /* HappyAndingTests.swift in Sources */,
			);
			runOnlyForDeploymentPostprocessing = 0;
		};
		87E99C8028F94EA8009B691F /* Sources */ = {
			isa = PBXSourcesBuildPhase;
			buildActionMask = 2147483647;
			files = (
				87E99C8B28F94EA8009B691F /* HappyAndingUITestsLaunchTests.swift in Sources */,
				87E99C8928F94EA8009B691F /* HappyAndingUITests.swift in Sources */,
			);
			runOnlyForDeploymentPostprocessing = 0;
		};
		A3A6AD10292763E2004C49DC /* Sources */ = {
			isa = PBXSourcesBuildPhase;
			buildActionMask = 2147483647;
			files = (
				A3439AF629395A3A0043E273 /* CustomTextEditor.swift in Sources */,
				A3439AF529395A100043E273 /* UserAuth.swift in Sources */,
				A31F1846292A638700AF4A82 /* (null) in Sources */,
				F9DB8EB92939853D00516CE1 /* ShareExtensionValidationTextField.swift in Sources */,
				A3C5576C292BE084003907DC /* ShareExtensionWriteShortcutTitleView.swift in Sources */,
				A35DB3392927E9630011A28B /* CustomShareNavigationController.swift in Sources */,
				A31F1844292A637300AF4A82 /* Date+Extension.swift in Sources */,
				A3FC4756292A61B60058BF26 /* CategoryModalView.swift in Sources */,
				A3FC4758292A61C50058BF26 /* Shortcuts.swift in Sources */,
				A3275C7A292E6FCB00CD5B12 /* String+Extension.swift in Sources */,
				A3FC475A292A61CC0058BF26 /* Keyword.swift in Sources */,
				A3439AFC2939B0E80043E273 /* UserDefaults+Extension.swift in Sources */,
				F9DB8ED3293B4C3200516CE1 /* ShareExtensionTagTextField.swift in Sources */,
				A3FC474E292A616A0058BF26 /* Color+Extension.swift in Sources */,
				F9DB8EBD293987BD00516CE1 /* ShareExtensionCustomTextEditor.swift in Sources */,
				F976E85129395B350088BBA1 /* ShareExtensionViewModel.swift in Sources */,
				A3FC4753292A61AE0058BF26 /* IconModalView.swift in Sources */,
				A3FC474F292A616D0058BF26 /* Font+Extension.swift in Sources */,
				A3FC475B292A61CE0058BF26 /* Category.swift in Sources */,
				A35DB3372927E8EB0011A28B /* CustomShareViewController.swift in Sources */,
			);
			runOnlyForDeploymentPostprocessing = 0;
		};
/* End PBXSourcesBuildPhase section */

/* Begin PBXTargetDependency section */
		87E99C7C28F94EA8009B691F /* PBXTargetDependency */ = {
			isa = PBXTargetDependency;
			target = 87E99C6928F94EA6009B691F /* HappyAnding */;
			targetProxy = 87E99C7B28F94EA8009B691F /* PBXContainerItemProxy */;
		};
		87E99C8628F94EA8009B691F /* PBXTargetDependency */ = {
			isa = PBXTargetDependency;
			target = 87E99C6928F94EA6009B691F /* HappyAnding */;
			targetProxy = 87E99C8528F94EA8009B691F /* PBXContainerItemProxy */;
		};
		A3A6AD1D292763E2004C49DC /* PBXTargetDependency */ = {
			isa = PBXTargetDependency;
			target = A3A6AD13292763E2004C49DC /* ShareExtension */;
			targetProxy = A3A6AD1C292763E2004C49DC /* PBXContainerItemProxy */;
		};
/* End PBXTargetDependency section */

/* Begin XCBuildConfiguration section */
		87E99C8C28F94EA8009B691F /* Debug */ = {
			isa = XCBuildConfiguration;
			buildSettings = {
				ALWAYS_SEARCH_USER_PATHS = NO;
				CLANG_ANALYZER_NONNULL = YES;
				CLANG_ANALYZER_NUMBER_OBJECT_CONVERSION = YES_AGGRESSIVE;
				CLANG_CXX_LANGUAGE_STANDARD = "gnu++20";
				CLANG_ENABLE_MODULES = YES;
				CLANG_ENABLE_OBJC_ARC = YES;
				CLANG_ENABLE_OBJC_WEAK = YES;
				CLANG_WARN_BLOCK_CAPTURE_AUTORELEASING = YES;
				CLANG_WARN_BOOL_CONVERSION = YES;
				CLANG_WARN_COMMA = YES;
				CLANG_WARN_CONSTANT_CONVERSION = YES;
				CLANG_WARN_DEPRECATED_OBJC_IMPLEMENTATIONS = YES;
				CLANG_WARN_DIRECT_OBJC_ISA_USAGE = YES_ERROR;
				CLANG_WARN_DOCUMENTATION_COMMENTS = YES;
				CLANG_WARN_EMPTY_BODY = YES;
				CLANG_WARN_ENUM_CONVERSION = YES;
				CLANG_WARN_INFINITE_RECURSION = YES;
				CLANG_WARN_INT_CONVERSION = YES;
				CLANG_WARN_NON_LITERAL_NULL_CONVERSION = YES;
				CLANG_WARN_OBJC_IMPLICIT_RETAIN_SELF = YES;
				CLANG_WARN_OBJC_LITERAL_CONVERSION = YES;
				CLANG_WARN_OBJC_ROOT_CLASS = YES_ERROR;
				CLANG_WARN_QUOTED_INCLUDE_IN_FRAMEWORK_HEADER = YES;
				CLANG_WARN_RANGE_LOOP_ANALYSIS = YES;
				CLANG_WARN_STRICT_PROTOTYPES = YES;
				CLANG_WARN_SUSPICIOUS_MOVE = YES;
				CLANG_WARN_UNGUARDED_AVAILABILITY = YES_AGGRESSIVE;
				CLANG_WARN_UNREACHABLE_CODE = YES;
				CLANG_WARN__DUPLICATE_METHOD_MATCH = YES;
				COPY_PHASE_STRIP = NO;
				DEBUG_INFORMATION_FORMAT = dwarf;
				ENABLE_STRICT_OBJC_MSGSEND = YES;
				ENABLE_TESTABILITY = YES;
				GCC_C_LANGUAGE_STANDARD = gnu11;
				GCC_DYNAMIC_NO_PIC = NO;
				GCC_NO_COMMON_BLOCKS = YES;
				GCC_OPTIMIZATION_LEVEL = 0;
				GCC_PREPROCESSOR_DEFINITIONS = (
					"DEBUG=1",
					"$(inherited)",
				);
				GCC_WARN_64_TO_32_BIT_CONVERSION = YES;
				GCC_WARN_ABOUT_RETURN_TYPE = YES_ERROR;
				GCC_WARN_UNDECLARED_SELECTOR = YES;
				GCC_WARN_UNINITIALIZED_AUTOS = YES_AGGRESSIVE;
				GCC_WARN_UNUSED_FUNCTION = YES;
				GCC_WARN_UNUSED_VARIABLE = YES;
				IPHONEOS_DEPLOYMENT_TARGET = 16.0;
				MTL_ENABLE_DEBUG_INFO = INCLUDE_SOURCE;
				MTL_FAST_MATH = YES;
				ONLY_ACTIVE_ARCH = YES;
				SDKROOT = iphoneos;
				SWIFT_ACTIVE_COMPILATION_CONDITIONS = DEBUG;
				SWIFT_OPTIMIZATION_LEVEL = "-Onone";
			};
			name = Debug;
		};
		87E99C8D28F94EA8009B691F /* Release */ = {
			isa = XCBuildConfiguration;
			buildSettings = {
				ALWAYS_SEARCH_USER_PATHS = NO;
				CLANG_ANALYZER_NONNULL = YES;
				CLANG_ANALYZER_NUMBER_OBJECT_CONVERSION = YES_AGGRESSIVE;
				CLANG_CXX_LANGUAGE_STANDARD = "gnu++20";
				CLANG_ENABLE_MODULES = YES;
				CLANG_ENABLE_OBJC_ARC = YES;
				CLANG_ENABLE_OBJC_WEAK = YES;
				CLANG_WARN_BLOCK_CAPTURE_AUTORELEASING = YES;
				CLANG_WARN_BOOL_CONVERSION = YES;
				CLANG_WARN_COMMA = YES;
				CLANG_WARN_CONSTANT_CONVERSION = YES;
				CLANG_WARN_DEPRECATED_OBJC_IMPLEMENTATIONS = YES;
				CLANG_WARN_DIRECT_OBJC_ISA_USAGE = YES_ERROR;
				CLANG_WARN_DOCUMENTATION_COMMENTS = YES;
				CLANG_WARN_EMPTY_BODY = YES;
				CLANG_WARN_ENUM_CONVERSION = YES;
				CLANG_WARN_INFINITE_RECURSION = YES;
				CLANG_WARN_INT_CONVERSION = YES;
				CLANG_WARN_NON_LITERAL_NULL_CONVERSION = YES;
				CLANG_WARN_OBJC_IMPLICIT_RETAIN_SELF = YES;
				CLANG_WARN_OBJC_LITERAL_CONVERSION = YES;
				CLANG_WARN_OBJC_ROOT_CLASS = YES_ERROR;
				CLANG_WARN_QUOTED_INCLUDE_IN_FRAMEWORK_HEADER = YES;
				CLANG_WARN_RANGE_LOOP_ANALYSIS = YES;
				CLANG_WARN_STRICT_PROTOTYPES = YES;
				CLANG_WARN_SUSPICIOUS_MOVE = YES;
				CLANG_WARN_UNGUARDED_AVAILABILITY = YES_AGGRESSIVE;
				CLANG_WARN_UNREACHABLE_CODE = YES;
				CLANG_WARN__DUPLICATE_METHOD_MATCH = YES;
				COPY_PHASE_STRIP = NO;
				DEBUG_INFORMATION_FORMAT = "dwarf-with-dsym";
				ENABLE_NS_ASSERTIONS = NO;
				ENABLE_STRICT_OBJC_MSGSEND = YES;
				GCC_C_LANGUAGE_STANDARD = gnu11;
				GCC_NO_COMMON_BLOCKS = YES;
				GCC_WARN_64_TO_32_BIT_CONVERSION = YES;
				GCC_WARN_ABOUT_RETURN_TYPE = YES_ERROR;
				GCC_WARN_UNDECLARED_SELECTOR = YES;
				GCC_WARN_UNINITIALIZED_AUTOS = YES_AGGRESSIVE;
				GCC_WARN_UNUSED_FUNCTION = YES;
				GCC_WARN_UNUSED_VARIABLE = YES;
				IPHONEOS_DEPLOYMENT_TARGET = 16.0;
				MTL_ENABLE_DEBUG_INFO = NO;
				MTL_FAST_MATH = YES;
				SDKROOT = iphoneos;
				SWIFT_COMPILATION_MODE = wholemodule;
				SWIFT_OPTIMIZATION_LEVEL = "-O";
				VALIDATE_PRODUCT = YES;
			};
			name = Release;
		};
		87E99C8F28F94EA8009B691F /* Debug */ = {
			isa = XCBuildConfiguration;
			buildSettings = {
				ALWAYS_EMBED_SWIFT_STANDARD_LIBRARIES = YES;
				ASSETCATALOG_COMPILER_APPICON_NAME = AppIcon;
				ASSETCATALOG_COMPILER_GLOBAL_ACCENT_COLOR_NAME = AccentColor;
				ASSETCATALOG_COMPILER_INCLUDE_ALL_APPICON_ASSETS = YES;
				CODE_SIGN_ENTITLEMENTS = HappyAnding/HappyAnding.entitlements;
				"CODE_SIGN_IDENTITY[sdk=iphoneos*]" = "iPhone Developer";
				CODE_SIGN_STYLE = Manual;
				CURRENT_PROJECT_VERSION = 1;
				DEVELOPMENT_ASSET_PATHS = "\"HappyAnding/Preview Content\"";
				DEVELOPMENT_TEAM = "";
				"DEVELOPMENT_TEAM[sdk=iphoneos*]" = HN3RL67C46;
				ENABLE_PREVIEWS = YES;
				GENERATE_INFOPLIST_FILE = YES;
				INFOPLIST_FILE = HappyAnding/Info.plist;
				INFOPLIST_KEY_CFBundleDisplayName = ShortcutsZip;
				INFOPLIST_KEY_LSApplicationCategoryType = "public.app-category.utilities";
				INFOPLIST_KEY_UIApplicationSceneManifest_Generation = YES;
				INFOPLIST_KEY_UIApplicationSupportsIndirectInputEvents = YES;
				INFOPLIST_KEY_UILaunchScreen_Generation = YES;
				INFOPLIST_KEY_UILaunchStoryboardName = "Launch Screen.storyboard";
				INFOPLIST_KEY_UISupportedInterfaceOrientations = UIInterfaceOrientationPortrait;
				LD_RUNPATH_SEARCH_PATHS = (
					"$(inherited)",
					"@executable_path/Frameworks",
				);
				MARKETING_VERSION = 1.0.0;
				PRODUCT_BUNDLE_IDENTIFIER = com.happyanding.HappyAnding;
				PRODUCT_NAME = "$(TARGET_NAME)";
				PROVISIONING_PROFILE_SPECIFIER = "";
				"PROVISIONING_PROFILE_SPECIFIER[sdk=iphoneos*]" = ShortcutsZipProfileForDev;
				SUPPORTED_PLATFORMS = "iphoneos iphonesimulator";
				SUPPORTS_MACCATALYST = NO;
				SUPPORTS_MAC_DESIGNED_FOR_IPHONE_IPAD = NO;
				SWIFT_EMIT_LOC_STRINGS = YES;
				SWIFT_VERSION = 5.0;
				TARGETED_DEVICE_FAMILY = 1;
			};
			name = Debug;
		};
		87E99C9028F94EA8009B691F /* Release */ = {
			isa = XCBuildConfiguration;
			buildSettings = {
				ALWAYS_EMBED_SWIFT_STANDARD_LIBRARIES = YES;
				ASSETCATALOG_COMPILER_APPICON_NAME = AppIcon;
				ASSETCATALOG_COMPILER_GLOBAL_ACCENT_COLOR_NAME = AccentColor;
				ASSETCATALOG_COMPILER_INCLUDE_ALL_APPICON_ASSETS = YES;
				CODE_SIGN_ENTITLEMENTS = HappyAnding/HappyAnding.entitlements;
				"CODE_SIGN_IDENTITY[sdk=iphoneos*]" = "iPhone Developer";
				CODE_SIGN_STYLE = Manual;
				CURRENT_PROJECT_VERSION = 1;
				DEVELOPMENT_ASSET_PATHS = "\"HappyAnding/Preview Content\"";
				DEVELOPMENT_TEAM = "";
				"DEVELOPMENT_TEAM[sdk=iphoneos*]" = HN3RL67C46;
				ENABLE_PREVIEWS = YES;
				GENERATE_INFOPLIST_FILE = YES;
				INFOPLIST_FILE = HappyAnding/Info.plist;
				INFOPLIST_KEY_CFBundleDisplayName = ShortcutsZip;
				INFOPLIST_KEY_LSApplicationCategoryType = "public.app-category.utilities";
				INFOPLIST_KEY_UIApplicationSceneManifest_Generation = YES;
				INFOPLIST_KEY_UIApplicationSupportsIndirectInputEvents = YES;
				INFOPLIST_KEY_UILaunchScreen_Generation = YES;
				INFOPLIST_KEY_UILaunchStoryboardName = "Launch Screen.storyboard";
				INFOPLIST_KEY_UISupportedInterfaceOrientations = UIInterfaceOrientationPortrait;
				LD_RUNPATH_SEARCH_PATHS = (
					"$(inherited)",
					"@executable_path/Frameworks",
				);
				MARKETING_VERSION = 1.0.0;
				PRODUCT_BUNDLE_IDENTIFIER = com.happyanding.HappyAnding;
				PRODUCT_NAME = "$(TARGET_NAME)";
				PROVISIONING_PROFILE_SPECIFIER = "";
				"PROVISIONING_PROFILE_SPECIFIER[sdk=iphoneos*]" = ShortcutsZipProfileForDev;
				SUPPORTED_PLATFORMS = "iphoneos iphonesimulator";
				SUPPORTS_MACCATALYST = NO;
				SUPPORTS_MAC_DESIGNED_FOR_IPHONE_IPAD = NO;
				SWIFT_EMIT_LOC_STRINGS = YES;
				SWIFT_VERSION = 5.0;
				TARGETED_DEVICE_FAMILY = 1;
			};
			name = Release;
		};
		87E99C9228F94EA8009B691F /* Debug */ = {
			isa = XCBuildConfiguration;
			buildSettings = {
				ALWAYS_EMBED_SWIFT_STANDARD_LIBRARIES = YES;
				BUNDLE_LOADER = "$(TEST_HOST)";
				CODE_SIGN_STYLE = Automatic;
				CURRENT_PROJECT_VERSION = 1;
				DEVELOPMENT_TEAM = 7JPPWR5997;
				GENERATE_INFOPLIST_FILE = YES;
				IPHONEOS_DEPLOYMENT_TARGET = 16.0;
				MARKETING_VERSION = 1.0;
				PRODUCT_BUNDLE_IDENTIFIER = com.happyanding.HappyAndingTests;
				PRODUCT_NAME = "$(TARGET_NAME)";
				SWIFT_EMIT_LOC_STRINGS = NO;
				SWIFT_VERSION = 5.0;
				TARGETED_DEVICE_FAMILY = "1,2";
				TEST_HOST = "$(BUILT_PRODUCTS_DIR)/HappyAnding.app/$(BUNDLE_EXECUTABLE_FOLDER_PATH)/HappyAnding";
			};
			name = Debug;
		};
		87E99C9328F94EA8009B691F /* Release */ = {
			isa = XCBuildConfiguration;
			buildSettings = {
				ALWAYS_EMBED_SWIFT_STANDARD_LIBRARIES = YES;
				BUNDLE_LOADER = "$(TEST_HOST)";
				CODE_SIGN_STYLE = Automatic;
				CURRENT_PROJECT_VERSION = 1;
				DEVELOPMENT_TEAM = 7JPPWR5997;
				GENERATE_INFOPLIST_FILE = YES;
				IPHONEOS_DEPLOYMENT_TARGET = 16.0;
				MARKETING_VERSION = 1.0;
				PRODUCT_BUNDLE_IDENTIFIER = com.happyanding.HappyAndingTests;
				PRODUCT_NAME = "$(TARGET_NAME)";
				SWIFT_EMIT_LOC_STRINGS = NO;
				SWIFT_VERSION = 5.0;
				TARGETED_DEVICE_FAMILY = "1,2";
				TEST_HOST = "$(BUILT_PRODUCTS_DIR)/HappyAnding.app/$(BUNDLE_EXECUTABLE_FOLDER_PATH)/HappyAnding";
			};
			name = Release;
		};
		87E99C9528F94EA8009B691F /* Debug */ = {
			isa = XCBuildConfiguration;
			buildSettings = {
				ALWAYS_EMBED_SWIFT_STANDARD_LIBRARIES = YES;
				CODE_SIGN_STYLE = Automatic;
				CURRENT_PROJECT_VERSION = 1;
				DEVELOPMENT_TEAM = 7JPPWR5997;
				GENERATE_INFOPLIST_FILE = YES;
				MARKETING_VERSION = 1.0;
				PRODUCT_BUNDLE_IDENTIFIER = com.happyanding.HappyAndingUITests;
				PRODUCT_NAME = "$(TARGET_NAME)";
				SWIFT_EMIT_LOC_STRINGS = NO;
				SWIFT_VERSION = 5.0;
				TARGETED_DEVICE_FAMILY = "1,2";
				TEST_TARGET_NAME = HappyAnding;
			};
			name = Debug;
		};
		87E99C9628F94EA8009B691F /* Release */ = {
			isa = XCBuildConfiguration;
			buildSettings = {
				ALWAYS_EMBED_SWIFT_STANDARD_LIBRARIES = YES;
				CODE_SIGN_STYLE = Automatic;
				CURRENT_PROJECT_VERSION = 1;
				DEVELOPMENT_TEAM = 7JPPWR5997;
				GENERATE_INFOPLIST_FILE = YES;
				MARKETING_VERSION = 1.0;
				PRODUCT_BUNDLE_IDENTIFIER = com.happyanding.HappyAndingUITests;
				PRODUCT_NAME = "$(TARGET_NAME)";
				SWIFT_EMIT_LOC_STRINGS = NO;
				SWIFT_VERSION = 5.0;
				TARGETED_DEVICE_FAMILY = "1,2";
				TEST_TARGET_NAME = HappyAnding;
			};
			name = Release;
		};
		A3A6AD20292763E2004C49DC /* Debug */ = {
			isa = XCBuildConfiguration;
			buildSettings = {
				CLANG_ENABLE_MODULES = YES;
				CODE_SIGN_ENTITLEMENTS = ShareExtension/ShareExtension.entitlements;
				"CODE_SIGN_IDENTITY[sdk=iphoneos*]" = "iPhone Developer";
				CODE_SIGN_STYLE = Manual;
				CURRENT_PROJECT_VERSION = 1;
				DEVELOPMENT_TEAM = "";
				"DEVELOPMENT_TEAM[sdk=iphoneos*]" = HN3RL67C46;
				GENERATE_INFOPLIST_FILE = YES;
				INFOPLIST_FILE = ShareExtension/Info.plist;
				INFOPLIST_KEY_CFBundleDisplayName = ShareExtension;
				INFOPLIST_KEY_NSHumanReadableCopyright = "";
				LD_RUNPATH_SEARCH_PATHS = (
					"$(inherited)",
					"@executable_path/Frameworks",
					"@executable_path/../../Frameworks",
				);
				MARKETING_VERSION = 1.0.0;
				PRODUCT_BUNDLE_IDENTIFIER = com.happyanding.HappyAnding.ShareExtension;
				PRODUCT_NAME = "$(TARGET_NAME)";
				PROVISIONING_PROFILE_SPECIFIER = "";
				"PROVISIONING_PROFILE_SPECIFIER[sdk=iphoneos*]" = ShortcutsZipShareExtensionForDev;
				SKIP_INSTALL = YES;
				SWIFT_EMIT_LOC_STRINGS = YES;
				SWIFT_OPTIMIZATION_LEVEL = "-Onone";
				SWIFT_VERSION = 5.0;
				TARGETED_DEVICE_FAMILY = "1,2";
			};
			name = Debug;
		};
		A3A6AD21292763E2004C49DC /* Release */ = {
			isa = XCBuildConfiguration;
			buildSettings = {
				CLANG_ENABLE_MODULES = YES;
				CODE_SIGN_ENTITLEMENTS = ShareExtension/ShareExtension.entitlements;
				"CODE_SIGN_IDENTITY[sdk=iphoneos*]" = "iPhone Developer";
				CODE_SIGN_STYLE = Manual;
				CURRENT_PROJECT_VERSION = 1;
				DEVELOPMENT_TEAM = "";
				"DEVELOPMENT_TEAM[sdk=iphoneos*]" = HN3RL67C46;
				GENERATE_INFOPLIST_FILE = YES;
				INFOPLIST_FILE = ShareExtension/Info.plist;
				INFOPLIST_KEY_CFBundleDisplayName = ShareExtension;
				INFOPLIST_KEY_NSHumanReadableCopyright = "";
				LD_RUNPATH_SEARCH_PATHS = (
					"$(inherited)",
					"@executable_path/Frameworks",
					"@executable_path/../../Frameworks",
				);
				MARKETING_VERSION = 1.0.0;
				PRODUCT_BUNDLE_IDENTIFIER = com.happyanding.HappyAnding.ShareExtension;
				PRODUCT_NAME = "$(TARGET_NAME)";
				PROVISIONING_PROFILE_SPECIFIER = "";
				"PROVISIONING_PROFILE_SPECIFIER[sdk=iphoneos*]" = ShortcutsZipShareExtensionForDev;
				SKIP_INSTALL = YES;
				SWIFT_EMIT_LOC_STRINGS = YES;
				SWIFT_VERSION = 5.0;
				TARGETED_DEVICE_FAMILY = "1,2";
			};
			name = Release;
		};
/* End XCBuildConfiguration section */

/* Begin XCConfigurationList section */
		87E99C6528F94EA6009B691F /* Build configuration list for PBXProject "HappyAnding" */ = {
			isa = XCConfigurationList;
			buildConfigurations = (
				87E99C8C28F94EA8009B691F /* Debug */,
				87E99C8D28F94EA8009B691F /* Release */,
			);
			defaultConfigurationIsVisible = 0;
			defaultConfigurationName = Release;
		};
		87E99C8E28F94EA8009B691F /* Build configuration list for PBXNativeTarget "HappyAnding" */ = {
			isa = XCConfigurationList;
			buildConfigurations = (
				87E99C8F28F94EA8009B691F /* Debug */,
				87E99C9028F94EA8009B691F /* Release */,
			);
			defaultConfigurationIsVisible = 0;
			defaultConfigurationName = Release;
		};
		87E99C9128F94EA8009B691F /* Build configuration list for PBXNativeTarget "HappyAndingTests" */ = {
			isa = XCConfigurationList;
			buildConfigurations = (
				87E99C9228F94EA8009B691F /* Debug */,
				87E99C9328F94EA8009B691F /* Release */,
			);
			defaultConfigurationIsVisible = 0;
			defaultConfigurationName = Release;
		};
		87E99C9428F94EA8009B691F /* Build configuration list for PBXNativeTarget "HappyAndingUITests" */ = {
			isa = XCConfigurationList;
			buildConfigurations = (
				87E99C9528F94EA8009B691F /* Debug */,
				87E99C9628F94EA8009B691F /* Release */,
			);
			defaultConfigurationIsVisible = 0;
			defaultConfigurationName = Release;
		};
		A3A6AD1F292763E2004C49DC /* Build configuration list for PBXNativeTarget "ShareExtension" */ = {
			isa = XCConfigurationList;
			buildConfigurations = (
				A3A6AD20292763E2004C49DC /* Debug */,
				A3A6AD21292763E2004C49DC /* Release */,
			);
			defaultConfigurationIsVisible = 0;
			defaultConfigurationName = Release;
		};
/* End XCConfigurationList section */

/* Begin XCRemoteSwiftPackageReference section */
		F94B435B2907B19A00987819 /* XCRemoteSwiftPackageReference "firebase-ios-sdk" */ = {
			isa = XCRemoteSwiftPackageReference;
			repositoryURL = "https://github.com/firebase/firebase-ios-sdk.git";
			requirement = {
				kind = upToNextMajorVersion;
				minimumVersion = 9.0.0;
			};
		};
/* End XCRemoteSwiftPackageReference section */

/* Begin XCSwiftPackageProductDependency section */
		A3FC4746292A61550058BF26 /* FirebaseAnalytics */ = {
			isa = XCSwiftPackageProductDependency;
			package = F94B435B2907B19A00987819 /* XCRemoteSwiftPackageReference "firebase-ios-sdk" */;
			productName = FirebaseAnalytics;
		};
		A3FC4748292A61550058BF26 /* FirebaseAuth */ = {
			isa = XCSwiftPackageProductDependency;
			package = F94B435B2907B19A00987819 /* XCRemoteSwiftPackageReference "firebase-ios-sdk" */;
			productName = FirebaseAuth;
		};
		A3FC474A292A61550058BF26 /* FirebaseDatabase */ = {
			isa = XCSwiftPackageProductDependency;
			package = F94B435B2907B19A00987819 /* XCRemoteSwiftPackageReference "firebase-ios-sdk" */;
			productName = FirebaseDatabase;
		};
		A3FC474C292A61550058BF26 /* FirebaseFirestoreCombine-Community */ = {
			isa = XCSwiftPackageProductDependency;
			package = F94B435B2907B19A00987819 /* XCRemoteSwiftPackageReference "firebase-ios-sdk" */;
			productName = "FirebaseFirestoreCombine-Community";
		};
		F94B435C2907B19A00987819 /* FirebaseAnalytics */ = {
			isa = XCSwiftPackageProductDependency;
			package = F94B435B2907B19A00987819 /* XCRemoteSwiftPackageReference "firebase-ios-sdk" */;
			productName = FirebaseAnalytics;
		};
		F94B435E2907B19A00987819 /* FirebaseAuth */ = {
			isa = XCSwiftPackageProductDependency;
			package = F94B435B2907B19A00987819 /* XCRemoteSwiftPackageReference "firebase-ios-sdk" */;
			productName = FirebaseAuth;
		};
		F94B43602907B19A00987819 /* FirebaseFirestore */ = {
			isa = XCSwiftPackageProductDependency;
			package = F94B435B2907B19A00987819 /* XCRemoteSwiftPackageReference "firebase-ios-sdk" */;
			productName = FirebaseFirestore;
		};
		F94B43622907B19A00987819 /* FirebaseFirestoreCombine-Community */ = {
			isa = XCSwiftPackageProductDependency;
			package = F94B435B2907B19A00987819 /* XCRemoteSwiftPackageReference "firebase-ios-sdk" */;
			productName = "FirebaseFirestoreCombine-Community";
		};
/* End XCSwiftPackageProductDependency section */
	};
	rootObject = 87E99C6228F94EA6009B691F /* Project object */;
}
