// !$*UTF8*$!
{
	archiveVersion = 1;
	classes = {
	};
	objectVersion = 56;
	objects = {

/* Begin PBXBuildFile section */
		87E99C6E28F94EA6009B691F /* HappyAndingApp.swift in Sources */ = {isa = PBXBuildFile; fileRef = 87E99C6D28F94EA6009B691F /* HappyAndingApp.swift */; };
		87E99C7028F94EA6009B691F /* ShortcutTabView.swift in Sources */ = {isa = PBXBuildFile; fileRef = 87E99C6F28F94EA6009B691F /* ShortcutTabView.swift */; };
		87E99C7228F94EA8009B691F /* Assets.xcassets in Resources */ = {isa = PBXBuildFile; fileRef = 87E99C7128F94EA8009B691F /* Assets.xcassets */; };
		87E99C7528F94EA8009B691F /* Preview Assets.xcassets in Resources */ = {isa = PBXBuildFile; fileRef = 87E99C7428F94EA8009B691F /* Preview Assets.xcassets */; };
		87E99C7F28F94EA8009B691F /* HappyAndingTests.swift in Sources */ = {isa = PBXBuildFile; fileRef = 87E99C7E28F94EA8009B691F /* HappyAndingTests.swift */; };
		87E99C8928F94EA8009B691F /* HappyAndingUITests.swift in Sources */ = {isa = PBXBuildFile; fileRef = 87E99C8828F94EA8009B691F /* HappyAndingUITests.swift */; };
		87E99C8B28F94EA8009B691F /* HappyAndingUITestsLaunchTests.swift in Sources */ = {isa = PBXBuildFile; fileRef = 87E99C8A28F94EA8009B691F /* HappyAndingUITestsLaunchTests.swift */; };
		87E99C9F28FFF21B009B691F /* SettingView.swift in Sources */ = {isa = PBXBuildFile; fileRef = 87E99C9E28FFF21B009B691F /* SettingView.swift */; };
		87E99CA128FFF225009B691F /* MyPageView.swift in Sources */ = {isa = PBXBuildFile; fileRef = 87E99CA028FFF225009B691F /* MyPageView.swift */; };
		87E99CA328FFF22E009B691F /* ExploreCurationView.swift in Sources */ = {isa = PBXBuildFile; fileRef = 87E99CA228FFF22E009B691F /* ExploreCurationView.swift */; };
		87E99CA528FFF238009B691F /* ReadCurationView.swift in Sources */ = {isa = PBXBuildFile; fileRef = 87E99CA428FFF238009B691F /* ReadCurationView.swift */; };
		87E99CA728FFF23E009B691F /* ListCurationView.swift in Sources */ = {isa = PBXBuildFile; fileRef = 87E99CA628FFF23E009B691F /* ListCurationView.swift */; };
		87E99CA928FFF24F009B691F /* ExploreShortcutView.swift in Sources */ = {isa = PBXBuildFile; fileRef = 87E99CA828FFF24F009B691F /* ExploreShortcutView.swift */; };
		87E99CAB28FFF256009B691F /* ExploreCategoryView.swift in Sources */ = {isa = PBXBuildFile; fileRef = 87E99CAA28FFF256009B691F /* ExploreCategoryView.swift */; };
		87E99CAD28FFF261009B691F /* ReadShortcutView.swift in Sources */ = {isa = PBXBuildFile; fileRef = 87E99CAC28FFF261009B691F /* ReadShortcutView.swift */; };
		87E99CAF28FFF26A009B691F /* EditShortcutView.swift in Sources */ = {isa = PBXBuildFile; fileRef = 87E99CAE28FFF26A009B691F /* EditShortcutView.swift */; };
		87E99CB128FFF273009B691F /* WriteCurationSetView.swift in Sources */ = {isa = PBXBuildFile; fileRef = 87E99CB028FFF273009B691F /* WriteCurationSetView.swift */; };
		87E99CB528FFF282009B691F /* WriteCurationInfoView.swift in Sources */ = {isa = PBXBuildFile; fileRef = 87E99CB428FFF282009B691F /* WriteCurationInfoView.swift */; };
		87E99CB928FFF291009B691F /* WriteShortcutTitleView.swift in Sources */ = {isa = PBXBuildFile; fileRef = 87E99CB828FFF291009B691F /* WriteShortcutTitleView.swift */; };
		87E99CBB28FFF298009B691F /* IconModalView.swift in Sources */ = {isa = PBXBuildFile; fileRef = 87E99CBA28FFF298009B691F /* IconModalView.swift */; };
		87E99CBD28FFF2A1009B691F /* WriteShortcutdescriptionView.swift in Sources */ = {isa = PBXBuildFile; fileRef = 87E99CBC28FFF2A1009B691F /* WriteShortcutdescriptionView.swift */; };
		87E99CBF28FFF2AB009B691F /* WriteShortcutTagView.swift in Sources */ = {isa = PBXBuildFile; fileRef = 87E99CBE28FFF2AB009B691F /* WriteShortcutTagView.swift */; };
		87E99CC128FFF2B5009B691F /* CategoryModalView.swift in Sources */ = {isa = PBXBuildFile; fileRef = 87E99CC028FFF2B5009B691F /* CategoryModalView.swift */; };
		87E99CC429014572009B691F /* Color+Extension.swift in Sources */ = {isa = PBXBuildFile; fileRef = 87E99CC329014572009B691F /* Color+Extension.swift */; };
		87E99CC7290145AD009B691F /* ShortcutCell.swift in Sources */ = {isa = PBXBuildFile; fileRef = 87E99CC6290145AD009B691F /* ShortcutCell.swift */; };
		87E99CC9290145B8009B691F /* ListShortcutView.swift in Sources */ = {isa = PBXBuildFile; fileRef = 87E99CC8290145B8009B691F /* ListShortcutView.swift */; };
		87E99CCB290145C4009B691F /* UserCurationCell.swift in Sources */ = {isa = PBXBuildFile; fileRef = 87E99CCA290145C4009B691F /* UserCurationCell.swift */; };
		87E99CCD290145CC009B691F /* AdminCurationCell.swift in Sources */ = {isa = PBXBuildFile; fileRef = 87E99CCC290145CC009B691F /* AdminCurationCell.swift */; };
		87E99CCF290145D5009B691F /* PaletteCell.swift in Sources */ = {isa = PBXBuildFile; fileRef = 87E99CCE290145D5009B691F /* PaletteCell.swift */; };
		87E99CD1290145DE009B691F /* PaletteView.swift in Sources */ = {isa = PBXBuildFile; fileRef = 87E99CD0290145DE009B691F /* PaletteView.swift */; };
		87E99CD32901465F009B691F /* ValidationCheckTextField.swift in Sources */ = {isa = PBXBuildFile; fileRef = 87E99CD22901465F009B691F /* ValidationCheckTextField.swift */; };
		87E99CD929042536009B691F /* SectionType.swift in Sources */ = {isa = PBXBuildFile; fileRef = 87E99CD829042536009B691F /* SectionType.swift */; };
		87E99CDB29042CCA009B691F /* Category.swift in Sources */ = {isa = PBXBuildFile; fileRef = 87E99CDA29042CCA009B691F /* Category.swift */; };
		87EDB96329082C7F009A750A /* ListCategoryView.swift in Sources */ = {isa = PBXBuildFile; fileRef = 87EDB96229082C7F009A750A /* ListCategoryView.swift */; };
		A04ACB0129027BDE004A85A6 /* TabRouter.swift in Sources */ = {isa = PBXBuildFile; fileRef = A04ACB0029027BDE004A85A6 /* TabRouter.swift */; };
		A04ACB062903D0B2004A85A6 /* MyShortcutCardView.swift in Sources */ = {isa = PBXBuildFile; fileRef = A04ACB052903D0B2004A85A6 /* MyShortcutCardView.swift */; };
		A04ACB082903DECC004A85A6 /* MyShortcutCardListView.swift in Sources */ = {isa = PBXBuildFile; fileRef = A04ACB072903DECC004A85A6 /* MyShortcutCardListView.swift */; };
		F94B432E2907088400987819 /* UserCurationListView.swift in Sources */ = {isa = PBXBuildFile; fileRef = F94B432D2907088400987819 /* UserCurationListView.swift */; };
		A04ACB32290686AA004A85A6 /* ReadShortcutHeaderView.swift in Sources */ = {isa = PBXBuildFile; fileRef = A04ACB31290686AA004A85A6 /* ReadShortcutHeaderView.swift */; };
		A04ACB34290686C7004A85A6 /* ReadShortcutContentView.swift in Sources */ = {isa = PBXBuildFile; fileRef = A04ACB33290686C7004A85A6 /* ReadShortcutContentView.swift */; };
		A04ACB0A29041CD8004A85A6 /* DownloadRankView.swift in Sources */ = {isa = PBXBuildFile; fileRef = A04ACB0929041CD8004A85A6 /* DownloadRankView.swift */; };
		A04ACB0C29041CEE004A85A6 /* LovedShortcutView.swift in Sources */ = {isa = PBXBuildFile; fileRef = A04ACB0B29041CEE004A85A6 /* LovedShortcutView.swift */; };
		A04ACB0E29041D61004A85A6 /* CategoryView.swift in Sources */ = {isa = PBXBuildFile; fileRef = A04ACB0D29041D61004A85A6 /* CategoryView.swift */; };
		A04ACB32290686AA004A85A6 /* ReadShortcutHeaderView.swift in Sources */ = {isa = PBXBuildFile; fileRef = A04ACB31290686AA004A85A6 /* ReadShortcutHeaderView.swift */; };
		A04ACB34290686C7004A85A6 /* ReadShortcutContentView.swift in Sources */ = {isa = PBXBuildFile; fileRef = A04ACB33290686C7004A85A6 /* ReadShortcutContentView.swift */; };
		A33F74AE2908D8C800B8D0D0 /* CheckBoxShortcutCell.swift in Sources */ = {isa = PBXBuildFile; fileRef = A33F74AD2908D8C800B8D0D0 /* CheckBoxShortcutCell.swift */; };
		F956C9F92903F87200C17621 /* ShortcutTestModel.swift in Sources */ = {isa = PBXBuildFile; fileRef = F956C9F82903F87200C17621 /* ShortcutTestModel.swift */; };
		F99569182901DC4D0060AAEF /* Font+Extension.swift in Sources */ = {isa = PBXBuildFile; fileRef = F99569172901DC4D0060AAEF /* Font+Extension.swift */; };
		F9F4D36A2906E0B000DC8546 /* Navigationbar+Extension.swift in Sources */ = {isa = PBXBuildFile; fileRef = F9F4D3692906E0B000DC8546 /* Navigationbar+Extension.swift */; };
/* End PBXBuildFile section */

/* Begin PBXContainerItemProxy section */
		87E99C7B28F94EA8009B691F /* PBXContainerItemProxy */ = {
			isa = PBXContainerItemProxy;
			containerPortal = 87E99C6228F94EA6009B691F /* Project object */;
			proxyType = 1;
			remoteGlobalIDString = 87E99C6928F94EA6009B691F;
			remoteInfo = HappyAnding;
		};
		87E99C8528F94EA8009B691F /* PBXContainerItemProxy */ = {
			isa = PBXContainerItemProxy;
			containerPortal = 87E99C6228F94EA6009B691F /* Project object */;
			proxyType = 1;
			remoteGlobalIDString = 87E99C6928F94EA6009B691F;
			remoteInfo = HappyAnding;
		};
/* End PBXContainerItemProxy section */

/* Begin PBXFileReference section */
		87E99C6A28F94EA6009B691F /* HappyAnding.app */ = {isa = PBXFileReference; explicitFileType = wrapper.application; includeInIndex = 0; path = HappyAnding.app; sourceTree = BUILT_PRODUCTS_DIR; };
		87E99C6D28F94EA6009B691F /* HappyAndingApp.swift */ = {isa = PBXFileReference; lastKnownFileType = sourcecode.swift; path = HappyAndingApp.swift; sourceTree = "<group>"; };
		87E99C6F28F94EA6009B691F /* ShortcutTabView.swift */ = {isa = PBXFileReference; lastKnownFileType = sourcecode.swift; path = ShortcutTabView.swift; sourceTree = "<group>"; };
		87E99C7128F94EA8009B691F /* Assets.xcassets */ = {isa = PBXFileReference; lastKnownFileType = folder.assetcatalog; path = Assets.xcassets; sourceTree = "<group>"; };
		87E99C7428F94EA8009B691F /* Preview Assets.xcassets */ = {isa = PBXFileReference; lastKnownFileType = folder.assetcatalog; path = "Preview Assets.xcassets"; sourceTree = "<group>"; };
		87E99C7A28F94EA8009B691F /* HappyAndingTests.xctest */ = {isa = PBXFileReference; explicitFileType = wrapper.cfbundle; includeInIndex = 0; path = HappyAndingTests.xctest; sourceTree = BUILT_PRODUCTS_DIR; };
		87E99C7E28F94EA8009B691F /* HappyAndingTests.swift */ = {isa = PBXFileReference; lastKnownFileType = sourcecode.swift; path = HappyAndingTests.swift; sourceTree = "<group>"; };
		87E99C8428F94EA8009B691F /* HappyAndingUITests.xctest */ = {isa = PBXFileReference; explicitFileType = wrapper.cfbundle; includeInIndex = 0; path = HappyAndingUITests.xctest; sourceTree = BUILT_PRODUCTS_DIR; };
		87E99C8828F94EA8009B691F /* HappyAndingUITests.swift */ = {isa = PBXFileReference; lastKnownFileType = sourcecode.swift; path = HappyAndingUITests.swift; sourceTree = "<group>"; };
		87E99C8A28F94EA8009B691F /* HappyAndingUITestsLaunchTests.swift */ = {isa = PBXFileReference; lastKnownFileType = sourcecode.swift; path = HappyAndingUITestsLaunchTests.swift; sourceTree = "<group>"; };
		87E99C9E28FFF21B009B691F /* SettingView.swift */ = {isa = PBXFileReference; lastKnownFileType = sourcecode.swift; path = SettingView.swift; sourceTree = "<group>"; };
		87E99CA028FFF225009B691F /* MyPageView.swift */ = {isa = PBXFileReference; lastKnownFileType = sourcecode.swift; path = MyPageView.swift; sourceTree = "<group>"; };
		87E99CA228FFF22E009B691F /* ExploreCurationView.swift */ = {isa = PBXFileReference; lastKnownFileType = sourcecode.swift; path = ExploreCurationView.swift; sourceTree = "<group>"; };
		87E99CA428FFF238009B691F /* ReadCurationView.swift */ = {isa = PBXFileReference; lastKnownFileType = sourcecode.swift; path = ReadCurationView.swift; sourceTree = "<group>"; };
		87E99CA628FFF23E009B691F /* ListCurationView.swift */ = {isa = PBXFileReference; lastKnownFileType = sourcecode.swift; path = ListCurationView.swift; sourceTree = "<group>"; };
		87E99CA828FFF24F009B691F /* ExploreShortcutView.swift */ = {isa = PBXFileReference; lastKnownFileType = sourcecode.swift; path = ExploreShortcutView.swift; sourceTree = "<group>"; };
		87E99CAA28FFF256009B691F /* ExploreCategoryView.swift */ = {isa = PBXFileReference; lastKnownFileType = sourcecode.swift; path = ExploreCategoryView.swift; sourceTree = "<group>"; };
		87E99CAC28FFF261009B691F /* ReadShortcutView.swift */ = {isa = PBXFileReference; lastKnownFileType = sourcecode.swift; path = ReadShortcutView.swift; sourceTree = "<group>"; };
		87E99CAE28FFF26A009B691F /* EditShortcutView.swift */ = {isa = PBXFileReference; lastKnownFileType = sourcecode.swift; path = EditShortcutView.swift; sourceTree = "<group>"; };
		87E99CB028FFF273009B691F /* WriteCurationSetView.swift */ = {isa = PBXFileReference; lastKnownFileType = sourcecode.swift; path = WriteCurationSetView.swift; sourceTree = "<group>"; };
		87E99CB428FFF282009B691F /* WriteCurationInfoView.swift */ = {isa = PBXFileReference; lastKnownFileType = sourcecode.swift; path = WriteCurationInfoView.swift; sourceTree = "<group>"; };
		87E99CB828FFF291009B691F /* WriteShortcutTitleView.swift */ = {isa = PBXFileReference; lastKnownFileType = sourcecode.swift; path = WriteShortcutTitleView.swift; sourceTree = "<group>"; };
		87E99CBA28FFF298009B691F /* IconModalView.swift */ = {isa = PBXFileReference; lastKnownFileType = sourcecode.swift; path = IconModalView.swift; sourceTree = "<group>"; };
		87E99CBC28FFF2A1009B691F /* WriteShortcutdescriptionView.swift */ = {isa = PBXFileReference; lastKnownFileType = sourcecode.swift; path = WriteShortcutdescriptionView.swift; sourceTree = "<group>"; };
		87E99CBE28FFF2AB009B691F /* WriteShortcutTagView.swift */ = {isa = PBXFileReference; lastKnownFileType = sourcecode.swift; path = WriteShortcutTagView.swift; sourceTree = "<group>"; };
		87E99CC028FFF2B5009B691F /* CategoryModalView.swift */ = {isa = PBXFileReference; lastKnownFileType = sourcecode.swift; path = CategoryModalView.swift; sourceTree = "<group>"; };
		87E99CC329014572009B691F /* Color+Extension.swift */ = {isa = PBXFileReference; lastKnownFileType = sourcecode.swift; path = "Color+Extension.swift"; sourceTree = "<group>"; };
		87E99CC6290145AD009B691F /* ShortcutCell.swift */ = {isa = PBXFileReference; lastKnownFileType = sourcecode.swift; path = ShortcutCell.swift; sourceTree = "<group>"; };
		87E99CC8290145B8009B691F /* ListShortcutView.swift */ = {isa = PBXFileReference; lastKnownFileType = sourcecode.swift; path = ListShortcutView.swift; sourceTree = "<group>"; };
		87E99CCA290145C4009B691F /* UserCurationCell.swift */ = {isa = PBXFileReference; lastKnownFileType = sourcecode.swift; path = UserCurationCell.swift; sourceTree = "<group>"; };
		87E99CCC290145CC009B691F /* AdminCurationCell.swift */ = {isa = PBXFileReference; lastKnownFileType = sourcecode.swift; path = AdminCurationCell.swift; sourceTree = "<group>"; };
		87E99CCE290145D5009B691F /* PaletteCell.swift */ = {isa = PBXFileReference; lastKnownFileType = sourcecode.swift; path = PaletteCell.swift; sourceTree = "<group>"; };
		87E99CD0290145DE009B691F /* PaletteView.swift */ = {isa = PBXFileReference; lastKnownFileType = sourcecode.swift; path = PaletteView.swift; sourceTree = "<group>"; };
		87E99CD22901465F009B691F /* ValidationCheckTextField.swift */ = {isa = PBXFileReference; lastKnownFileType = sourcecode.swift; path = ValidationCheckTextField.swift; sourceTree = "<group>"; };
		87E99CD829042536009B691F /* SectionType.swift */ = {isa = PBXFileReference; lastKnownFileType = sourcecode.swift; path = SectionType.swift; sourceTree = "<group>"; };
		87E99CDA29042CCA009B691F /* Category.swift */ = {isa = PBXFileReference; lastKnownFileType = sourcecode.swift; path = Category.swift; sourceTree = "<group>"; };
		87EDB96229082C7F009A750A /* ListCategoryView.swift */ = {isa = PBXFileReference; lastKnownFileType = sourcecode.swift; path = ListCategoryView.swift; sourceTree = "<group>"; };
		A04ACB0029027BDE004A85A6 /* TabRouter.swift */ = {isa = PBXFileReference; lastKnownFileType = sourcecode.swift; path = TabRouter.swift; sourceTree = "<group>"; };
		A04ACB052903D0B2004A85A6 /* MyShortcutCardView.swift */ = {isa = PBXFileReference; lastKnownFileType = sourcecode.swift; path = MyShortcutCardView.swift; sourceTree = "<group>"; };
		A04ACB072903DECC004A85A6 /* MyShortcutCardListView.swift */ = {isa = PBXFileReference; lastKnownFileType = sourcecode.swift; path = MyShortcutCardListView.swift; sourceTree = "<group>"; };
		F94B432D2907088400987819 /* UserCurationListView.swift */ = {isa = PBXFileReference; lastKnownFileType = sourcecode.swift; path = UserCurationListView.swift; sourceTree = "<group>"; };
		A04ACB31290686AA004A85A6 /* ReadShortcutHeaderView.swift */ = {isa = PBXFileReference; lastKnownFileType = sourcecode.swift; path = ReadShortcutHeaderView.swift; sourceTree = "<group>"; };
		A04ACB33290686C7004A85A6 /* ReadShortcutContentView.swift */ = {isa = PBXFileReference; lastKnownFileType = sourcecode.swift; path = ReadShortcutContentView.swift; sourceTree = "<group>"; };
		A04ACB0929041CD8004A85A6 /* DownloadRankView.swift */ = {isa = PBXFileReference; lastKnownFileType = sourcecode.swift; path = DownloadRankView.swift; sourceTree = "<group>"; };
		A04ACB0B29041CEE004A85A6 /* LovedShortcutView.swift */ = {isa = PBXFileReference; lastKnownFileType = sourcecode.swift; path = LovedShortcutView.swift; sourceTree = "<group>"; };
		A04ACB0D29041D61004A85A6 /* CategoryView.swift */ = {isa = PBXFileReference; lastKnownFileType = sourcecode.swift; path = CategoryView.swift; sourceTree = "<group>"; };
		A04ACB31290686AA004A85A6 /* ReadShortcutHeaderView.swift */ = {isa = PBXFileReference; lastKnownFileType = sourcecode.swift; path = ReadShortcutHeaderView.swift; sourceTree = "<group>"; };
		A04ACB33290686C7004A85A6 /* ReadShortcutContentView.swift */ = {isa = PBXFileReference; lastKnownFileType = sourcecode.swift; path = ReadShortcutContentView.swift; sourceTree = "<group>"; };
		A33F74AD2908D8C800B8D0D0 /* CheckBoxShortcutCell.swift */ = {isa = PBXFileReference; lastKnownFileType = sourcecode.swift; path = CheckBoxShortcutCell.swift; sourceTree = "<group>"; };
		F956C9F82903F87200C17621 /* ShortcutTestModel.swift */ = {isa = PBXFileReference; lastKnownFileType = sourcecode.swift; path = ShortcutTestModel.swift; sourceTree = "<group>"; };
		F99569172901DC4D0060AAEF /* Font+Extension.swift */ = {isa = PBXFileReference; lastKnownFileType = sourcecode.swift; path = "Font+Extension.swift"; sourceTree = "<group>"; };
		F9F4D3692906E0B000DC8546 /* Navigationbar+Extension.swift */ = {isa = PBXFileReference; lastKnownFileType = sourcecode.swift; path = "Navigationbar+Extension.swift"; sourceTree = "<group>"; };
/* End PBXFileReference section */

/* Begin PBXFrameworksBuildPhase section */
		87E99C6728F94EA6009B691F /* Frameworks */ = {
			isa = PBXFrameworksBuildPhase;
			buildActionMask = 2147483647;
			files = (
			);
			runOnlyForDeploymentPostprocessing = 0;
		};
		87E99C7728F94EA8009B691F /* Frameworks */ = {
			isa = PBXFrameworksBuildPhase;
			buildActionMask = 2147483647;
			files = (
			);
			runOnlyForDeploymentPostprocessing = 0;
		};
		87E99C8128F94EA8009B691F /* Frameworks */ = {
			isa = PBXFrameworksBuildPhase;
			buildActionMask = 2147483647;
			files = (
			);
			runOnlyForDeploymentPostprocessing = 0;
		};
/* End PBXFrameworksBuildPhase section */

/* Begin PBXGroup section */
		87E99C6128F94EA6009B691F = {
			isa = PBXGroup;
			children = (
				87E99C6C28F94EA6009B691F /* HappyAnding */,
				87E99C7D28F94EA8009B691F /* HappyAndingTests */,
				87E99C8728F94EA8009B691F /* HappyAndingUITests */,
				87E99C6B28F94EA6009B691F /* Products */,
			);
			sourceTree = "<group>";
		};
		87E99C6B28F94EA6009B691F /* Products */ = {
			isa = PBXGroup;
			children = (
				87E99C6A28F94EA6009B691F /* HappyAnding.app */,
				87E99C7A28F94EA8009B691F /* HappyAndingTests.xctest */,
				87E99C8428F94EA8009B691F /* HappyAndingUITests.xctest */,
			);
			name = Products;
			sourceTree = "<group>";
		};
		87E99C6C28F94EA6009B691F /* HappyAnding */ = {
			isa = PBXGroup;
			children = (
				87E99CC22901454D009B691F /* Extensions */,
				87E99C9828FFF1D2009B691F /* Views */,
				87E99CD729042503009B691F /* Model */,
				87E99C7128F94EA8009B691F /* Assets.xcassets */,
				87E99C7328F94EA8009B691F /* Preview Content */,
			);
			path = HappyAnding;
			sourceTree = "<group>";
		};
		87E99C7328F94EA8009B691F /* Preview Content */ = {
			isa = PBXGroup;
			children = (
				87E99C7428F94EA8009B691F /* Preview Assets.xcassets */,
			);
			path = "Preview Content";
			sourceTree = "<group>";
		};
		87E99C7D28F94EA8009B691F /* HappyAndingTests */ = {
			isa = PBXGroup;
			children = (
				87E99C7E28F94EA8009B691F /* HappyAndingTests.swift */,
			);
			path = HappyAndingTests;
			sourceTree = "<group>";
		};
		87E99C8728F94EA8009B691F /* HappyAndingUITests */ = {
			isa = PBXGroup;
			children = (
				87E99C8828F94EA8009B691F /* HappyAndingUITests.swift */,
				87E99C8A28F94EA8009B691F /* HappyAndingUITestsLaunchTests.swift */,
			);
			path = HappyAndingUITests;
			sourceTree = "<group>";
		};
		87E99C9728FFF1C0009B691F /* WriteShortcutViews */ = {
			isa = PBXGroup;
			children = (
				87E99CB828FFF291009B691F /* WriteShortcutTitleView.swift */,
				87E99CBA28FFF298009B691F /* IconModalView.swift */,
				87E99CBC28FFF2A1009B691F /* WriteShortcutdescriptionView.swift */,
				87E99CBE28FFF2AB009B691F /* WriteShortcutTagView.swift */,
				87E99CC028FFF2B5009B691F /* CategoryModalView.swift */,
			);
			path = WriteShortcutViews;
			sourceTree = "<group>";
		};
		87E99C9828FFF1D2009B691F /* Views */ = {
			isa = PBXGroup;
			children = (
				A04ACB0229027F4F004A85A6 /* TabView */,
				87E99CC52901457B009B691F /* Components */,
				87E99C6D28F94EA6009B691F /* HappyAndingApp.swift */,
				87E99C9B28FFF1F4009B691F /* ExploreShortcutViews */,
				87E99C9728FFF1C0009B691F /* WriteShortcutViews */,
				87E99C9A28FFF1E9009B691F /* ShortcutDetailViews */,
				87E99C9C28FFF1FE009B691F /* ExploreCurationViews */,
				87E99C9928FFF1DE009B691F /* WriteCurationViews */,
				87E99C9D28FFF207009B691F /* MyPageViews */,
				F956C9F82903F87200C17621 /* ShortcutTestModel.swift */,
			);
			path = Views;
			sourceTree = "<group>";
		};
		87E99C9928FFF1DE009B691F /* WriteCurationViews */ = {
			isa = PBXGroup;
			children = (
				87E99CB028FFF273009B691F /* WriteCurationSetView.swift */,
				87E99CB428FFF282009B691F /* WriteCurationInfoView.swift */,
				A33F74AD2908D8C800B8D0D0 /* CheckBoxShortcutCell.swift */,
			);
			path = WriteCurationViews;
			sourceTree = "<group>";
		};
		87E99C9A28FFF1E9009B691F /* ShortcutDetailViews */ = {
			isa = PBXGroup;
			children = (
				A04ACB3029068688004A85A6 /* ReadShortcutView */,
				87E99CAE28FFF26A009B691F /* EditShortcutView.swift */,
			);
			path = ShortcutDetailViews;
			sourceTree = "<group>";
		};
		87E99C9B28FFF1F4009B691F /* ExploreShortcutViews */ = {
			isa = PBXGroup;
			children = (
				A04ACB0F29044E52004A85A6 /* ExploreShortcutView */,
				87E99CAA28FFF256009B691F /* ExploreCategoryView.swift */,
			);
			path = ExploreShortcutViews;
			sourceTree = "<group>";
		};
		87E99C9C28FFF1FE009B691F /* ExploreCurationViews */ = {
			isa = PBXGroup;
			children = (
				87E99CA228FFF22E009B691F /* ExploreCurationView.swift */,
				87E99CA428FFF238009B691F /* ReadCurationView.swift */,
				87E99CA628FFF23E009B691F /* ListCurationView.swift */,
			);
			path = ExploreCurationViews;
			sourceTree = "<group>";
		};
		87E99C9D28FFF207009B691F /* MyPageViews */ = {
			isa = PBXGroup;
			children = (
				87E99C9E28FFF21B009B691F /* SettingView.swift */,
				87E99CA028FFF225009B691F /* MyPageView.swift */,
			);
			path = MyPageViews;
			sourceTree = "<group>";
		};
		87E99CC22901454D009B691F /* Extensions */ = {
			isa = PBXGroup;
			children = (
				87E99CC329014572009B691F /* Color+Extension.swift */,
				F99569172901DC4D0060AAEF /* Font+Extension.swift */,
				F9F4D3692906E0B000DC8546 /* Navigationbar+Extension.swift */,
			);
			path = Extensions;
			sourceTree = "<group>";
		};
		87E99CC52901457B009B691F /* Components */ = {
			isa = PBXGroup;
			children = (
				A04ACB052903D0B2004A85A6 /* MyShortcutCardView.swift */,
				A04ACB072903DECC004A85A6 /* MyShortcutCardListView.swift */,
				87E99CC6290145AD009B691F /* ShortcutCell.swift */,
				87E99CC8290145B8009B691F /* ListShortcutView.swift */,
				87E99CCA290145C4009B691F /* UserCurationCell.swift */,
				87E99CCC290145CC009B691F /* AdminCurationCell.swift */,
				87E99CCE290145D5009B691F /* PaletteCell.swift */,
				87E99CD0290145DE009B691F /* PaletteView.swift */,
				87E99CD22901465F009B691F /* ValidationCheckTextField.swift */,
				F94B432D2907088400987819 /* UserCurationListView.swift */,
			);
			path = Components;
			sourceTree = "<group>";
		};
		87E99CD729042503009B691F /* Model */ = {
			isa = PBXGroup;
			children = (
				87E99CD829042536009B691F /* SectionType.swift */,
				87E99CDA29042CCA009B691F /* Category.swift */,
			);
			path = Model;
			sourceTree = "<group>";
		};
		A04ACB0229027F4F004A85A6 /* TabView */ = {
			isa = PBXGroup;
			children = (
				87E99C6F28F94EA6009B691F /* ShortcutTabView.swift */,
				A04ACB0029027BDE004A85A6 /* TabRouter.swift */,
			);
			path = TabView;
			sourceTree = "<group>";
		};
		A04ACB0F29044E52004A85A6 /* ExploreShortcutView */ = {
			isa = PBXGroup;
			children = (
				87E99CA828FFF24F009B691F /* ExploreShortcutView.swift */,
				A04ACB0B29041CEE004A85A6 /* LovedShortcutView.swift */,
				A04ACB0929041CD8004A85A6 /* DownloadRankView.swift */,
				A04ACB0D29041D61004A85A6 /* CategoryView.swift */,
				87EDB96229082C7F009A750A /* ListCategoryView.swift */,
			);
			path = ExploreShortcutView;
			sourceTree = "<group>";
		};
		A04ACB3029068688004A85A6 /* ReadShortcutView */ = {
			isa = PBXGroup;
			children = (
				87E99CAC28FFF261009B691F /* ReadShortcutView.swift */,
				A04ACB31290686AA004A85A6 /* ReadShortcutHeaderView.swift */,
				A04ACB33290686C7004A85A6 /* ReadShortcutContentView.swift */,
			);
			path = ReadShortcutView;
			sourceTree = "<group>";
		};
/* End PBXGroup section */

/* Begin PBXNativeTarget section */
		87E99C6928F94EA6009B691F /* HappyAnding */ = {
			isa = PBXNativeTarget;
			buildConfigurationList = 87E99C8E28F94EA8009B691F /* Build configuration list for PBXNativeTarget "HappyAnding" */;
			buildPhases = (
				87E99C6628F94EA6009B691F /* Sources */,
				87E99C6728F94EA6009B691F /* Frameworks */,
				87E99C6828F94EA6009B691F /* Resources */,
			);
			buildRules = (
			);
			dependencies = (
			);
			name = HappyAnding;
			productName = HappyAnding;
			productReference = 87E99C6A28F94EA6009B691F /* HappyAnding.app */;
			productType = "com.apple.product-type.application";
		};
		87E99C7928F94EA8009B691F /* HappyAndingTests */ = {
			isa = PBXNativeTarget;
			buildConfigurationList = 87E99C9128F94EA8009B691F /* Build configuration list for PBXNativeTarget "HappyAndingTests" */;
			buildPhases = (
				87E99C7628F94EA8009B691F /* Sources */,
				87E99C7728F94EA8009B691F /* Frameworks */,
				87E99C7828F94EA8009B691F /* Resources */,
			);
			buildRules = (
			);
			dependencies = (
				87E99C7C28F94EA8009B691F /* PBXTargetDependency */,
			);
			name = HappyAndingTests;
			productName = HappyAndingTests;
			productReference = 87E99C7A28F94EA8009B691F /* HappyAndingTests.xctest */;
			productType = "com.apple.product-type.bundle.unit-test";
		};
		87E99C8328F94EA8009B691F /* HappyAndingUITests */ = {
			isa = PBXNativeTarget;
			buildConfigurationList = 87E99C9428F94EA8009B691F /* Build configuration list for PBXNativeTarget "HappyAndingUITests" */;
			buildPhases = (
				87E99C8028F94EA8009B691F /* Sources */,
				87E99C8128F94EA8009B691F /* Frameworks */,
				87E99C8228F94EA8009B691F /* Resources */,
			);
			buildRules = (
			);
			dependencies = (
				87E99C8628F94EA8009B691F /* PBXTargetDependency */,
			);
			name = HappyAndingUITests;
			productName = HappyAndingUITests;
			productReference = 87E99C8428F94EA8009B691F /* HappyAndingUITests.xctest */;
			productType = "com.apple.product-type.bundle.ui-testing";
		};
/* End PBXNativeTarget section */

/* Begin PBXProject section */
		87E99C6228F94EA6009B691F /* Project object */ = {
			isa = PBXProject;
			attributes = {
				BuildIndependentTargetsInParallel = 1;
				LastSwiftUpdateCheck = 1400;
				LastUpgradeCheck = 1400;
				TargetAttributes = {
					87E99C6928F94EA6009B691F = {
						CreatedOnToolsVersion = 14.0.1;
					};
					87E99C7928F94EA8009B691F = {
						CreatedOnToolsVersion = 14.0.1;
						TestTargetID = 87E99C6928F94EA6009B691F;
					};
					87E99C8328F94EA8009B691F = {
						CreatedOnToolsVersion = 14.0.1;
						TestTargetID = 87E99C6928F94EA6009B691F;
					};
				};
			};
			buildConfigurationList = 87E99C6528F94EA6009B691F /* Build configuration list for PBXProject "HappyAnding" */;
			compatibilityVersion = "Xcode 14.0";
			developmentRegion = en;
			hasScannedForEncodings = 0;
			knownRegions = (
				en,
				Base,
			);
			mainGroup = 87E99C6128F94EA6009B691F;
			productRefGroup = 87E99C6B28F94EA6009B691F /* Products */;
			projectDirPath = "";
			projectRoot = "";
			targets = (
				87E99C6928F94EA6009B691F /* HappyAnding */,
				87E99C7928F94EA8009B691F /* HappyAndingTests */,
				87E99C8328F94EA8009B691F /* HappyAndingUITests */,
			);
		};
/* End PBXProject section */

/* Begin PBXResourcesBuildPhase section */
		87E99C6828F94EA6009B691F /* Resources */ = {
			isa = PBXResourcesBuildPhase;
			buildActionMask = 2147483647;
			files = (
				87E99C7528F94EA8009B691F /* Preview Assets.xcassets in Resources */,
				87E99C7228F94EA8009B691F /* Assets.xcassets in Resources */,
			);
			runOnlyForDeploymentPostprocessing = 0;
		};
		87E99C7828F94EA8009B691F /* Resources */ = {
			isa = PBXResourcesBuildPhase;
			buildActionMask = 2147483647;
			files = (
			);
			runOnlyForDeploymentPostprocessing = 0;
		};
		87E99C8228F94EA8009B691F /* Resources */ = {
			isa = PBXResourcesBuildPhase;
			buildActionMask = 2147483647;
			files = (
			);
			runOnlyForDeploymentPostprocessing = 0;
		};
/* End PBXResourcesBuildPhase section */

/* Begin PBXSourcesBuildPhase section */
		87E99C6628F94EA6009B691F /* Sources */ = {
			isa = PBXSourcesBuildPhase;
			buildActionMask = 2147483647;
			files = (
				87EDB96329082C7F009A750A /* ListCategoryView.swift in Sources */,
				F94B432E2907088400987819 /* UserCurationListView.swift in Sources */,
				A04ACB34290686C7004A85A6 /* ReadShortcutContentView.swift in Sources */,
				87E99CAF28FFF26A009B691F /* EditShortcutView.swift in Sources */,
				87E99CC429014572009B691F /* Color+Extension.swift in Sources */,
				87E99CD929042536009B691F /* SectionType.swift in Sources */,
				87E99CBF28FFF2AB009B691F /* WriteShortcutTagView.swift in Sources */,
				A04ACB0A29041CD8004A85A6 /* DownloadRankView.swift in Sources */,
				87E99CD1290145DE009B691F /* PaletteView.swift in Sources */,
				87E99CDB29042CCA009B691F /* Category.swift in Sources */,
				A04ACB062903D0B2004A85A6 /* MyShortcutCardView.swift in Sources */,
				87E99CA728FFF23E009B691F /* ListCurationView.swift in Sources */,
				F9F4D36A2906E0B000DC8546 /* Navigationbar+Extension.swift in Sources */,
				87E99CC128FFF2B5009B691F /* CategoryModalView.swift in Sources */,
				87E99C9F28FFF21B009B691F /* SettingView.swift in Sources */,
				A04ACB32290686AA004A85A6 /* ReadShortcutHeaderView.swift in Sources */,
				87E99CA928FFF24F009B691F /* ExploreShortcutView.swift in Sources */,
				A04ACB082903DECC004A85A6 /* MyShortcutCardListView.swift in Sources */,
				87E99CA128FFF225009B691F /* MyPageView.swift in Sources */,
				A04ACB0129027BDE004A85A6 /* TabRouter.swift in Sources */,
				87E99CCF290145D5009B691F /* PaletteCell.swift in Sources */,
				87E99CC7290145AD009B691F /* ShortcutCell.swift in Sources */,
				87E99CAB28FFF256009B691F /* ExploreCategoryView.swift in Sources */,
				87E99CBB28FFF298009B691F /* IconModalView.swift in Sources */,
				87E99C7028F94EA6009B691F /* ShortcutTabView.swift in Sources */,
				F99569182901DC4D0060AAEF /* Font+Extension.swift in Sources */,
				87E99CAD28FFF261009B691F /* ReadShortcutView.swift in Sources */,
				A33F74AE2908D8C800B8D0D0 /* CheckBoxShortcutCell.swift in Sources */,
				87E99CB128FFF273009B691F /* WriteCurationSetView.swift in Sources */,
				87E99CB928FFF291009B691F /* WriteShortcutTitleView.swift in Sources */,
				87E99CCD290145CC009B691F /* AdminCurationCell.swift in Sources */,
				87E99CBD28FFF2A1009B691F /* WriteShortcutdescriptionView.swift in Sources */,
				A04ACB0E29041D61004A85A6 /* CategoryView.swift in Sources */,
				87E99CC9290145B8009B691F /* ListShortcutView.swift in Sources */,
				87E99C6E28F94EA6009B691F /* HappyAndingApp.swift in Sources */,
				87E99CD32901465F009B691F /* ValidationCheckTextField.swift in Sources */,
				A04ACB0C29041CEE004A85A6 /* LovedShortcutView.swift in Sources */,
				87E99CB528FFF282009B691F /* WriteCurationInfoView.swift in Sources */,
				87E99CCB290145C4009B691F /* UserCurationCell.swift in Sources */,
				F956C9F92903F87200C17621 /* ShortcutTestModel.swift in Sources */,
				87E99CA328FFF22E009B691F /* ExploreCurationView.swift in Sources */,
				87E99CA528FFF238009B691F /* ReadCurationView.swift in Sources */,
			);
			runOnlyForDeploymentPostprocessing = 0;
		};
		87E99C7628F94EA8009B691F /* Sources */ = {
			isa = PBXSourcesBuildPhase;
			buildActionMask = 2147483647;
			files = (
				87E99C7F28F94EA8009B691F /* HappyAndingTests.swift in Sources */,
			);
			runOnlyForDeploymentPostprocessing = 0;
		};
		87E99C8028F94EA8009B691F /* Sources */ = {
			isa = PBXSourcesBuildPhase;
			buildActionMask = 2147483647;
			files = (
				87E99C8B28F94EA8009B691F /* HappyAndingUITestsLaunchTests.swift in Sources */,
				87E99C8928F94EA8009B691F /* HappyAndingUITests.swift in Sources */,
			);
			runOnlyForDeploymentPostprocessing = 0;
		};
/* End PBXSourcesBuildPhase section */

/* Begin PBXTargetDependency section */
		87E99C7C28F94EA8009B691F /* PBXTargetDependency */ = {
			isa = PBXTargetDependency;
			target = 87E99C6928F94EA6009B691F /* HappyAnding */;
			targetProxy = 87E99C7B28F94EA8009B691F /* PBXContainerItemProxy */;
		};
		87E99C8628F94EA8009B691F /* PBXTargetDependency */ = {
			isa = PBXTargetDependency;
			target = 87E99C6928F94EA6009B691F /* HappyAnding */;
			targetProxy = 87E99C8528F94EA8009B691F /* PBXContainerItemProxy */;
		};
/* End PBXTargetDependency section */

/* Begin XCBuildConfiguration section */
		87E99C8C28F94EA8009B691F /* Debug */ = {
			isa = XCBuildConfiguration;
			buildSettings = {
				ALWAYS_SEARCH_USER_PATHS = NO;
				CLANG_ANALYZER_NONNULL = YES;
				CLANG_ANALYZER_NUMBER_OBJECT_CONVERSION = YES_AGGRESSIVE;
				CLANG_CXX_LANGUAGE_STANDARD = "gnu++20";
				CLANG_ENABLE_MODULES = YES;
				CLANG_ENABLE_OBJC_ARC = YES;
				CLANG_ENABLE_OBJC_WEAK = YES;
				CLANG_WARN_BLOCK_CAPTURE_AUTORELEASING = YES;
				CLANG_WARN_BOOL_CONVERSION = YES;
				CLANG_WARN_COMMA = YES;
				CLANG_WARN_CONSTANT_CONVERSION = YES;
				CLANG_WARN_DEPRECATED_OBJC_IMPLEMENTATIONS = YES;
				CLANG_WARN_DIRECT_OBJC_ISA_USAGE = YES_ERROR;
				CLANG_WARN_DOCUMENTATION_COMMENTS = YES;
				CLANG_WARN_EMPTY_BODY = YES;
				CLANG_WARN_ENUM_CONVERSION = YES;
				CLANG_WARN_INFINITE_RECURSION = YES;
				CLANG_WARN_INT_CONVERSION = YES;
				CLANG_WARN_NON_LITERAL_NULL_CONVERSION = YES;
				CLANG_WARN_OBJC_IMPLICIT_RETAIN_SELF = YES;
				CLANG_WARN_OBJC_LITERAL_CONVERSION = YES;
				CLANG_WARN_OBJC_ROOT_CLASS = YES_ERROR;
				CLANG_WARN_QUOTED_INCLUDE_IN_FRAMEWORK_HEADER = YES;
				CLANG_WARN_RANGE_LOOP_ANALYSIS = YES;
				CLANG_WARN_STRICT_PROTOTYPES = YES;
				CLANG_WARN_SUSPICIOUS_MOVE = YES;
				CLANG_WARN_UNGUARDED_AVAILABILITY = YES_AGGRESSIVE;
				CLANG_WARN_UNREACHABLE_CODE = YES;
				CLANG_WARN__DUPLICATE_METHOD_MATCH = YES;
				COPY_PHASE_STRIP = NO;
				DEBUG_INFORMATION_FORMAT = dwarf;
				ENABLE_STRICT_OBJC_MSGSEND = YES;
				ENABLE_TESTABILITY = YES;
				GCC_C_LANGUAGE_STANDARD = gnu11;
				GCC_DYNAMIC_NO_PIC = NO;
				GCC_NO_COMMON_BLOCKS = YES;
				GCC_OPTIMIZATION_LEVEL = 0;
				GCC_PREPROCESSOR_DEFINITIONS = (
					"DEBUG=1",
					"$(inherited)",
				);
				GCC_WARN_64_TO_32_BIT_CONVERSION = YES;
				GCC_WARN_ABOUT_RETURN_TYPE = YES_ERROR;
				GCC_WARN_UNDECLARED_SELECTOR = YES;
				GCC_WARN_UNINITIALIZED_AUTOS = YES_AGGRESSIVE;
				GCC_WARN_UNUSED_FUNCTION = YES;
				GCC_WARN_UNUSED_VARIABLE = YES;
				IPHONEOS_DEPLOYMENT_TARGET = 16.0;
				MTL_ENABLE_DEBUG_INFO = INCLUDE_SOURCE;
				MTL_FAST_MATH = YES;
				ONLY_ACTIVE_ARCH = YES;
				SDKROOT = iphoneos;
				SWIFT_ACTIVE_COMPILATION_CONDITIONS = DEBUG;
				SWIFT_OPTIMIZATION_LEVEL = "-Onone";
			};
			name = Debug;
		};
		87E99C8D28F94EA8009B691F /* Release */ = {
			isa = XCBuildConfiguration;
			buildSettings = {
				ALWAYS_SEARCH_USER_PATHS = NO;
				CLANG_ANALYZER_NONNULL = YES;
				CLANG_ANALYZER_NUMBER_OBJECT_CONVERSION = YES_AGGRESSIVE;
				CLANG_CXX_LANGUAGE_STANDARD = "gnu++20";
				CLANG_ENABLE_MODULES = YES;
				CLANG_ENABLE_OBJC_ARC = YES;
				CLANG_ENABLE_OBJC_WEAK = YES;
				CLANG_WARN_BLOCK_CAPTURE_AUTORELEASING = YES;
				CLANG_WARN_BOOL_CONVERSION = YES;
				CLANG_WARN_COMMA = YES;
				CLANG_WARN_CONSTANT_CONVERSION = YES;
				CLANG_WARN_DEPRECATED_OBJC_IMPLEMENTATIONS = YES;
				CLANG_WARN_DIRECT_OBJC_ISA_USAGE = YES_ERROR;
				CLANG_WARN_DOCUMENTATION_COMMENTS = YES;
				CLANG_WARN_EMPTY_BODY = YES;
				CLANG_WARN_ENUM_CONVERSION = YES;
				CLANG_WARN_INFINITE_RECURSION = YES;
				CLANG_WARN_INT_CONVERSION = YES;
				CLANG_WARN_NON_LITERAL_NULL_CONVERSION = YES;
				CLANG_WARN_OBJC_IMPLICIT_RETAIN_SELF = YES;
				CLANG_WARN_OBJC_LITERAL_CONVERSION = YES;
				CLANG_WARN_OBJC_ROOT_CLASS = YES_ERROR;
				CLANG_WARN_QUOTED_INCLUDE_IN_FRAMEWORK_HEADER = YES;
				CLANG_WARN_RANGE_LOOP_ANALYSIS = YES;
				CLANG_WARN_STRICT_PROTOTYPES = YES;
				CLANG_WARN_SUSPICIOUS_MOVE = YES;
				CLANG_WARN_UNGUARDED_AVAILABILITY = YES_AGGRESSIVE;
				CLANG_WARN_UNREACHABLE_CODE = YES;
				CLANG_WARN__DUPLICATE_METHOD_MATCH = YES;
				COPY_PHASE_STRIP = NO;
				DEBUG_INFORMATION_FORMAT = "dwarf-with-dsym";
				ENABLE_NS_ASSERTIONS = NO;
				ENABLE_STRICT_OBJC_MSGSEND = YES;
				GCC_C_LANGUAGE_STANDARD = gnu11;
				GCC_NO_COMMON_BLOCKS = YES;
				GCC_WARN_64_TO_32_BIT_CONVERSION = YES;
				GCC_WARN_ABOUT_RETURN_TYPE = YES_ERROR;
				GCC_WARN_UNDECLARED_SELECTOR = YES;
				GCC_WARN_UNINITIALIZED_AUTOS = YES_AGGRESSIVE;
				GCC_WARN_UNUSED_FUNCTION = YES;
				GCC_WARN_UNUSED_VARIABLE = YES;
				IPHONEOS_DEPLOYMENT_TARGET = 16.0;
				MTL_ENABLE_DEBUG_INFO = NO;
				MTL_FAST_MATH = YES;
				SDKROOT = iphoneos;
				SWIFT_COMPILATION_MODE = wholemodule;
				SWIFT_OPTIMIZATION_LEVEL = "-O";
				VALIDATE_PRODUCT = YES;
			};
			name = Release;
		};
		87E99C8F28F94EA8009B691F /* Debug */ = {
			isa = XCBuildConfiguration;
			buildSettings = {
				ASSETCATALOG_COMPILER_APPICON_NAME = AppIcon;
				ASSETCATALOG_COMPILER_GLOBAL_ACCENT_COLOR_NAME = AccentColor;
				CODE_SIGN_STYLE = Automatic;
				CURRENT_PROJECT_VERSION = 1;
				DEVELOPMENT_ASSET_PATHS = "\"HappyAnding/Preview Content\"";
				DEVELOPMENT_TEAM = 7JPPWR5997;
				ENABLE_PREVIEWS = YES;
				GENERATE_INFOPLIST_FILE = YES;
				INFOPLIST_KEY_UIApplicationSceneManifest_Generation = YES;
				INFOPLIST_KEY_UIApplicationSupportsIndirectInputEvents = YES;
				INFOPLIST_KEY_UILaunchScreen_Generation = YES;
				INFOPLIST_KEY_UISupportedInterfaceOrientations_iPad = "UIInterfaceOrientationPortrait UIInterfaceOrientationPortraitUpsideDown UIInterfaceOrientationLandscapeLeft UIInterfaceOrientationLandscapeRight";
				INFOPLIST_KEY_UISupportedInterfaceOrientations_iPhone = "UIInterfaceOrientationPortrait UIInterfaceOrientationLandscapeLeft UIInterfaceOrientationLandscapeRight";
				LD_RUNPATH_SEARCH_PATHS = (
					"$(inherited)",
					"@executable_path/Frameworks",
				);
				MARKETING_VERSION = 1.0;
				PRODUCT_BUNDLE_IDENTIFIER = com.happyanding.HappyAnding;
				PRODUCT_NAME = "$(TARGET_NAME)";
				SWIFT_EMIT_LOC_STRINGS = YES;
				SWIFT_VERSION = 5.0;
				TARGETED_DEVICE_FAMILY = "1,2";
			};
			name = Debug;
		};
		87E99C9028F94EA8009B691F /* Release */ = {
			isa = XCBuildConfiguration;
			buildSettings = {
				ASSETCATALOG_COMPILER_APPICON_NAME = AppIcon;
				ASSETCATALOG_COMPILER_GLOBAL_ACCENT_COLOR_NAME = AccentColor;
				CODE_SIGN_STYLE = Automatic;
				CURRENT_PROJECT_VERSION = 1;
				DEVELOPMENT_ASSET_PATHS = "\"HappyAnding/Preview Content\"";
				DEVELOPMENT_TEAM = 7JPPWR5997;
				ENABLE_PREVIEWS = YES;
				GENERATE_INFOPLIST_FILE = YES;
				INFOPLIST_KEY_UIApplicationSceneManifest_Generation = YES;
				INFOPLIST_KEY_UIApplicationSupportsIndirectInputEvents = YES;
				INFOPLIST_KEY_UILaunchScreen_Generation = YES;
				INFOPLIST_KEY_UISupportedInterfaceOrientations_iPad = "UIInterfaceOrientationPortrait UIInterfaceOrientationPortraitUpsideDown UIInterfaceOrientationLandscapeLeft UIInterfaceOrientationLandscapeRight";
				INFOPLIST_KEY_UISupportedInterfaceOrientations_iPhone = "UIInterfaceOrientationPortrait UIInterfaceOrientationLandscapeLeft UIInterfaceOrientationLandscapeRight";
				LD_RUNPATH_SEARCH_PATHS = (
					"$(inherited)",
					"@executable_path/Frameworks",
				);
				MARKETING_VERSION = 1.0;
				PRODUCT_BUNDLE_IDENTIFIER = com.happyanding.HappyAnding;
				PRODUCT_NAME = "$(TARGET_NAME)";
				SWIFT_EMIT_LOC_STRINGS = YES;
				SWIFT_VERSION = 5.0;
				TARGETED_DEVICE_FAMILY = "1,2";
			};
			name = Release;
		};
		87E99C9228F94EA8009B691F /* Debug */ = {
			isa = XCBuildConfiguration;
			buildSettings = {
				ALWAYS_EMBED_SWIFT_STANDARD_LIBRARIES = YES;
				BUNDLE_LOADER = "$(TEST_HOST)";
				CODE_SIGN_STYLE = Automatic;
				CURRENT_PROJECT_VERSION = 1;
				DEVELOPMENT_TEAM = 7JPPWR5997;
				GENERATE_INFOPLIST_FILE = YES;
				IPHONEOS_DEPLOYMENT_TARGET = 16.0;
				MARKETING_VERSION = 1.0;
				PRODUCT_BUNDLE_IDENTIFIER = com.happyanding.HappyAndingTests;
				PRODUCT_NAME = "$(TARGET_NAME)";
				SWIFT_EMIT_LOC_STRINGS = NO;
				SWIFT_VERSION = 5.0;
				TARGETED_DEVICE_FAMILY = "1,2";
				TEST_HOST = "$(BUILT_PRODUCTS_DIR)/HappyAnding.app/$(BUNDLE_EXECUTABLE_FOLDER_PATH)/HappyAnding";
			};
			name = Debug;
		};
		87E99C9328F94EA8009B691F /* Release */ = {
			isa = XCBuildConfiguration;
			buildSettings = {
				ALWAYS_EMBED_SWIFT_STANDARD_LIBRARIES = YES;
				BUNDLE_LOADER = "$(TEST_HOST)";
				CODE_SIGN_STYLE = Automatic;
				CURRENT_PROJECT_VERSION = 1;
				DEVELOPMENT_TEAM = 7JPPWR5997;
				GENERATE_INFOPLIST_FILE = YES;
				IPHONEOS_DEPLOYMENT_TARGET = 16.0;
				MARKETING_VERSION = 1.0;
				PRODUCT_BUNDLE_IDENTIFIER = com.happyanding.HappyAndingTests;
				PRODUCT_NAME = "$(TARGET_NAME)";
				SWIFT_EMIT_LOC_STRINGS = NO;
				SWIFT_VERSION = 5.0;
				TARGETED_DEVICE_FAMILY = "1,2";
				TEST_HOST = "$(BUILT_PRODUCTS_DIR)/HappyAnding.app/$(BUNDLE_EXECUTABLE_FOLDER_PATH)/HappyAnding";
			};
			name = Release;
		};
		87E99C9528F94EA8009B691F /* Debug */ = {
			isa = XCBuildConfiguration;
			buildSettings = {
				ALWAYS_EMBED_SWIFT_STANDARD_LIBRARIES = YES;
				CODE_SIGN_STYLE = Automatic;
				CURRENT_PROJECT_VERSION = 1;
				DEVELOPMENT_TEAM = 7JPPWR5997;
				GENERATE_INFOPLIST_FILE = YES;
				MARKETING_VERSION = 1.0;
				PRODUCT_BUNDLE_IDENTIFIER = com.happyanding.HappyAndingUITests;
				PRODUCT_NAME = "$(TARGET_NAME)";
				SWIFT_EMIT_LOC_STRINGS = NO;
				SWIFT_VERSION = 5.0;
				TARGETED_DEVICE_FAMILY = "1,2";
				TEST_TARGET_NAME = HappyAnding;
			};
			name = Debug;
		};
		87E99C9628F94EA8009B691F /* Release */ = {
			isa = XCBuildConfiguration;
			buildSettings = {
				ALWAYS_EMBED_SWIFT_STANDARD_LIBRARIES = YES;
				CODE_SIGN_STYLE = Automatic;
				CURRENT_PROJECT_VERSION = 1;
				DEVELOPMENT_TEAM = 7JPPWR5997;
				GENERATE_INFOPLIST_FILE = YES;
				MARKETING_VERSION = 1.0;
				PRODUCT_BUNDLE_IDENTIFIER = com.happyanding.HappyAndingUITests;
				PRODUCT_NAME = "$(TARGET_NAME)";
				SWIFT_EMIT_LOC_STRINGS = NO;
				SWIFT_VERSION = 5.0;
				TARGETED_DEVICE_FAMILY = "1,2";
				TEST_TARGET_NAME = HappyAnding;
			};
			name = Release;
		};
/* End XCBuildConfiguration section */

/* Begin XCConfigurationList section */
		87E99C6528F94EA6009B691F /* Build configuration list for PBXProject "HappyAnding" */ = {
			isa = XCConfigurationList;
			buildConfigurations = (
				87E99C8C28F94EA8009B691F /* Debug */,
				87E99C8D28F94EA8009B691F /* Release */,
			);
			defaultConfigurationIsVisible = 0;
			defaultConfigurationName = Release;
		};
		87E99C8E28F94EA8009B691F /* Build configuration list for PBXNativeTarget "HappyAnding" */ = {
			isa = XCConfigurationList;
			buildConfigurations = (
				87E99C8F28F94EA8009B691F /* Debug */,
				87E99C9028F94EA8009B691F /* Release */,
			);
			defaultConfigurationIsVisible = 0;
			defaultConfigurationName = Release;
		};
		87E99C9128F94EA8009B691F /* Build configuration list for PBXNativeTarget "HappyAndingTests" */ = {
			isa = XCConfigurationList;
			buildConfigurations = (
				87E99C9228F94EA8009B691F /* Debug */,
				87E99C9328F94EA8009B691F /* Release */,
			);
			defaultConfigurationIsVisible = 0;
			defaultConfigurationName = Release;
		};
		87E99C9428F94EA8009B691F /* Build configuration list for PBXNativeTarget "HappyAndingUITests" */ = {
			isa = XCConfigurationList;
			buildConfigurations = (
				87E99C9528F94EA8009B691F /* Debug */,
				87E99C9628F94EA8009B691F /* Release */,
			);
			defaultConfigurationIsVisible = 0;
			defaultConfigurationName = Release;
		};
/* End XCConfigurationList section */
	};
	rootObject = 87E99C6228F94EA6009B691F /* Project object */;
}
